// !$*UTF8*$!
{
	archiveVersion = 1;
	classes = {
	};
	objectVersion = 56;
	objects = {

/* Begin PBXBuildFile section */
		3E5A9D602A06360800939718 /* AppDelegate.swift in Sources */ = {isa = PBXBuildFile; fileRef = 3E5A9D5F2A06360800939718 /* AppDelegate.swift */; };
		3E5A9D622A06360800939718 /* SceneDelegate.swift in Sources */ = {isa = PBXBuildFile; fileRef = 3E5A9D612A06360800939718 /* SceneDelegate.swift */; };
		3E5A9D642A06360800939718 /* ViewController.swift in Sources */ = {isa = PBXBuildFile; fileRef = 3E5A9D632A06360800939718 /* ViewController.swift */; };
		3E5A9D692A06360900939718 /* Assets.xcassets in Resources */ = {isa = PBXBuildFile; fileRef = 3E5A9D682A06360900939718 /* Assets.xcassets */; };
		3E5A9D6C2A06360900939718 /* LaunchScreen.storyboard in Resources */ = {isa = PBXBuildFile; fileRef = 3E5A9D6A2A06360900939718 /* LaunchScreen.storyboard */; };
		3E5A9D7A2A06368400939718 /* BaseView.swift in Sources */ = {isa = PBXBuildFile; fileRef = 3E5A9D792A06368400939718 /* BaseView.swift */; };
		3E5A9D7C2A06368A00939718 /* BaseViewController.swift in Sources */ = {isa = PBXBuildFile; fileRef = 3E5A9D7B2A06368A00939718 /* BaseViewController.swift */; };
		3E5A9D7E2A06375A00939718 /* MainViewController.swift in Sources */ = {isa = PBXBuildFile; fileRef = 3E5A9D7D2A06375A00939718 /* MainViewController.swift */; };
		3E5A9D802A063A1400939718 /* WeatherDataModel.swift in Sources */ = {isa = PBXBuildFile; fileRef = 3E5A9D7F2A063A1400939718 /* WeatherDataModel.swift */; };
		3E5A9D842A063A5900939718 /* NetworkResults.swift in Sources */ = {isa = PBXBuildFile; fileRef = 3E5A9D832A063A5900939718 /* NetworkResults.swift */; };
		3E5A9D862A063A8400939718 /* WeatherService.swift in Sources */ = {isa = PBXBuildFile; fileRef = 3E5A9D852A063A8400939718 /* WeatherService.swift */; };
		3E5A9D892A063AB700939718 /* Alamofire in Frameworks */ = {isa = PBXBuildFile; productRef = 3E5A9D882A063AB700939718 /* Alamofire */; };
		3E5A9D8C2A063AC700939718 /* SnapKit in Frameworks */ = {isa = PBXBuildFile; productRef = 3E5A9D8B2A063AC700939718 /* SnapKit */; };
		3E5A9D8E2A063CE400939718 /* Config.swift in Sources */ = {isa = PBXBuildFile; fileRef = 3E5A9D8D2A063CE400939718 /* Config.swift */; };
		3E5A9D902A06485300939718 /* MainView.swift in Sources */ = {isa = PBXBuildFile; fileRef = 3E5A9D8F2A06485300939718 /* MainView.swift */; };
		3E5A9D932A0649CB00939718 /* MainWeatherTableView.swift in Sources */ = {isa = PBXBuildFile; fileRef = 3E5A9D922A0649CB00939718 /* MainWeatherTableView.swift */; };
		3E5A9D952A0649D900939718 /* MainWeatherTableViewCell.swift in Sources */ = {isa = PBXBuildFile; fileRef = 3E5A9D942A0649D900939718 /* MainWeatherTableViewCell.swift */; };
/* End PBXBuildFile section */

/* Begin PBXFileReference section */
		3E5A9D5C2A06360800939718 /* WeatherAPIPractice.app */ = {isa = PBXFileReference; explicitFileType = wrapper.application; includeInIndex = 0; path = WeatherAPIPractice.app; sourceTree = BUILT_PRODUCTS_DIR; };
		3E5A9D5F2A06360800939718 /* AppDelegate.swift */ = {isa = PBXFileReference; lastKnownFileType = sourcecode.swift; path = AppDelegate.swift; sourceTree = "<group>"; };
		3E5A9D612A06360800939718 /* SceneDelegate.swift */ = {isa = PBXFileReference; lastKnownFileType = sourcecode.swift; path = SceneDelegate.swift; sourceTree = "<group>"; };
		3E5A9D632A06360800939718 /* ViewController.swift */ = {isa = PBXFileReference; lastKnownFileType = sourcecode.swift; path = ViewController.swift; sourceTree = "<group>"; };
		3E5A9D682A06360900939718 /* Assets.xcassets */ = {isa = PBXFileReference; lastKnownFileType = folder.assetcatalog; path = Assets.xcassets; sourceTree = "<group>"; };
		3E5A9D6B2A06360900939718 /* Base */ = {isa = PBXFileReference; lastKnownFileType = file.storyboard; name = Base; path = Base.lproj/LaunchScreen.storyboard; sourceTree = "<group>"; };
		3E5A9D6D2A06360900939718 /* Info.plist */ = {isa = PBXFileReference; lastKnownFileType = text.plist.xml; path = Info.plist; sourceTree = "<group>"; };
		3E5A9D792A06368400939718 /* BaseView.swift */ = {isa = PBXFileReference; lastKnownFileType = sourcecode.swift; path = BaseView.swift; sourceTree = "<group>"; };
		3E5A9D7B2A06368A00939718 /* BaseViewController.swift */ = {isa = PBXFileReference; lastKnownFileType = sourcecode.swift; path = BaseViewController.swift; sourceTree = "<group>"; };
		3E5A9D7D2A06375A00939718 /* MainViewController.swift */ = {isa = PBXFileReference; lastKnownFileType = sourcecode.swift; path = MainViewController.swift; sourceTree = "<group>"; };
		3E5A9D7F2A063A1400939718 /* WeatherDataModel.swift */ = {isa = PBXFileReference; lastKnownFileType = sourcecode.swift; path = WeatherDataModel.swift; sourceTree = "<group>"; };
		3E5A9D832A063A5900939718 /* NetworkResults.swift */ = {isa = PBXFileReference; lastKnownFileType = sourcecode.swift; path = NetworkResults.swift; sourceTree = "<group>"; };
		3E5A9D852A063A8400939718 /* WeatherService.swift */ = {isa = PBXFileReference; lastKnownFileType = sourcecode.swift; path = WeatherService.swift; sourceTree = "<group>"; };
		3E5A9D8D2A063CE400939718 /* Config.swift */ = {isa = PBXFileReference; lastKnownFileType = sourcecode.swift; path = Config.swift; sourceTree = "<group>"; };
		3E5A9D8F2A06485300939718 /* MainView.swift */ = {isa = PBXFileReference; lastKnownFileType = sourcecode.swift; path = MainView.swift; sourceTree = "<group>"; };
		3E5A9D922A0649CB00939718 /* MainWeatherTableView.swift */ = {isa = PBXFileReference; lastKnownFileType = sourcecode.swift; path = MainWeatherTableView.swift; sourceTree = "<group>"; };
		3E5A9D942A0649D900939718 /* MainWeatherTableViewCell.swift */ = {isa = PBXFileReference; lastKnownFileType = sourcecode.swift; path = MainWeatherTableViewCell.swift; sourceTree = "<group>"; };
/* End PBXFileReference section */

/* Begin PBXFrameworksBuildPhase section */
		3E5A9D592A06360800939718 /* Frameworks */ = {
			isa = PBXFrameworksBuildPhase;
			buildActionMask = 2147483647;
			files = (
				3E5A9D892A063AB700939718 /* Alamofire in Frameworks */,
				3E5A9D8C2A063AC700939718 /* SnapKit in Frameworks */,
			);
			runOnlyForDeploymentPostprocessing = 0;
		};
/* End PBXFrameworksBuildPhase section */

/* Begin PBXGroup section */
		3E5A9D532A06360800939718 = {
			isa = PBXGroup;
			children = (
				3E5A9D5E2A06360800939718 /* WeatherAPIPractice */,
				3E5A9D5D2A06360800939718 /* Products */,
			);
			sourceTree = "<group>";
		};
		3E5A9D5D2A06360800939718 /* Products */ = {
			isa = PBXGroup;
			children = (
				3E5A9D5C2A06360800939718 /* WeatherAPIPractice.app */,
			);
			name = Products;
			sourceTree = "<group>";
		};
		3E5A9D5E2A06360800939718 /* WeatherAPIPractice */ = {
			isa = PBXGroup;
			children = (
				3E5A9D732A06362200939718 /* Network */,
				3E5A9D742A06362B00939718 /* Screen */,
				3E5A9D752A06363000939718 /* Global */,
				3E5A9D5F2A06360800939718 /* AppDelegate.swift */,
				3E5A9D612A06360800939718 /* SceneDelegate.swift */,
				3E5A9D632A06360800939718 /* ViewController.swift */,
				3E5A9D682A06360900939718 /* Assets.xcassets */,
				3E5A9D6A2A06360900939718 /* LaunchScreen.storyboard */,
				3E5A9D6D2A06360900939718 /* Info.plist */,
			);
			path = WeatherAPIPractice;
			sourceTree = "<group>";
		};
		3E5A9D732A06362200939718 /* Network */ = {
			isa = PBXGroup;
			children = (
				3E5A9D7F2A063A1400939718 /* WeatherDataModel.swift */,
				3E5A9D832A063A5900939718 /* NetworkResults.swift */,
				3E5A9D852A063A8400939718 /* WeatherService.swift */,
				3E5A9D8D2A063CE400939718 /* Config.swift */,
			);
			path = Network;
			sourceTree = "<group>";
		};
		3E5A9D742A06362B00939718 /* Screen */ = {
			isa = PBXGroup;
			children = (
				3E5A9D772A06367100939718 /* ViewController */,
				3E5A9D762A06366C00939718 /* View */,
			);
			path = Screen;
			sourceTree = "<group>";
		};
		3E5A9D752A06363000939718 /* Global */ = {
			isa = PBXGroup;
			children = (
				3E5A9D782A06367C00939718 /* Base */,
			);
			path = Global;
			sourceTree = "<group>";
		};
		3E5A9D762A06366C00939718 /* View */ = {
			isa = PBXGroup;
			children = (
				3E5A9D912A0649C100939718 /* MainWeatherTable */,
				3E5A9D8F2A06485300939718 /* MainView.swift */,
			);
			path = View;
			sourceTree = "<group>";
		};
		3E5A9D772A06367100939718 /* ViewController */ = {
			isa = PBXGroup;
			children = (
				3E5A9D7D2A06375A00939718 /* MainViewController.swift */,
			);
			path = ViewController;
			sourceTree = "<group>";
		};
		3E5A9D782A06367C00939718 /* Base */ = {
			isa = PBXGroup;
			children = (
				3E5A9D7B2A06368A00939718 /* BaseViewController.swift */,
				3E5A9D792A06368400939718 /* BaseView.swift */,
			);
			path = Base;
			sourceTree = "<group>";
		};
		3E5A9D912A0649C100939718 /* MainWeatherTable */ = {
			isa = PBXGroup;
			children = (
				3E5A9D922A0649CB00939718 /* MainWeatherTableView.swift */,
				3E5A9D942A0649D900939718 /* MainWeatherTableViewCell.swift */,
			);
			path = MainWeatherTable;
			sourceTree = "<group>";
		};
/* End PBXGroup section */

/* Begin PBXNativeTarget section */
		3E5A9D5B2A06360800939718 /* WeatherAPIPractice */ = {
			isa = PBXNativeTarget;
			buildConfigurationList = 3E5A9D702A06360900939718 /* Build configuration list for PBXNativeTarget "WeatherAPIPractice" */;
			buildPhases = (
				3E5A9D582A06360800939718 /* Sources */,
				3E5A9D592A06360800939718 /* Frameworks */,
				3E5A9D5A2A06360800939718 /* Resources */,
			);
			buildRules = (
			);
			dependencies = (
			);
			name = WeatherAPIPractice;
			packageProductDependencies = (
				3E5A9D882A063AB700939718 /* Alamofire */,
				3E5A9D8B2A063AC700939718 /* SnapKit */,
			);
			productName = WeatherAPIPractice;
			productReference = 3E5A9D5C2A06360800939718 /* WeatherAPIPractice.app */;
			productType = "com.apple.product-type.application";
		};
/* End PBXNativeTarget section */

/* Begin PBXProject section */
		3E5A9D542A06360800939718 /* Project object */ = {
			isa = PBXProject;
			attributes = {
				BuildIndependentTargetsInParallel = 1;
				LastSwiftUpdateCheck = 1430;
				LastUpgradeCheck = 1430;
				TargetAttributes = {
					3E5A9D5B2A06360800939718 = {
						CreatedOnToolsVersion = 14.3;
					};
				};
			};
			buildConfigurationList = 3E5A9D572A06360800939718 /* Build configuration list for PBXProject "WeatherAPIPractice" */;
			compatibilityVersion = "Xcode 14.0";
			developmentRegion = en;
			hasScannedForEncodings = 0;
			knownRegions = (
				en,
				Base,
			);
			mainGroup = 3E5A9D532A06360800939718;
			packageReferences = (
				3E5A9D872A063AB700939718 /* XCRemoteSwiftPackageReference "Alamofire" */,
				3E5A9D8A2A063AC700939718 /* XCRemoteSwiftPackageReference "SnapKit" */,
			);
			productRefGroup = 3E5A9D5D2A06360800939718 /* Products */;
			projectDirPath = "";
			projectRoot = "";
			targets = (
				3E5A9D5B2A06360800939718 /* WeatherAPIPractice */,
			);
		};
/* End PBXProject section */

/* Begin PBXResourcesBuildPhase section */
		3E5A9D5A2A06360800939718 /* Resources */ = {
			isa = PBXResourcesBuildPhase;
			buildActionMask = 2147483647;
			files = (
				3E5A9D6C2A06360900939718 /* LaunchScreen.storyboard in Resources */,
				3E5A9D692A06360900939718 /* Assets.xcassets in Resources */,
			);
			runOnlyForDeploymentPostprocessing = 0;
		};
/* End PBXResourcesBuildPhase section */

/* Begin PBXSourcesBuildPhase section */
		3E5A9D582A06360800939718 /* Sources */ = {
			isa = PBXSourcesBuildPhase;
			buildActionMask = 2147483647;
			files = (
				3E5A9D7C2A06368A00939718 /* BaseViewController.swift in Sources */,
				3E5A9D862A063A8400939718 /* WeatherService.swift in Sources */,
				3E5A9D642A06360800939718 /* ViewController.swift in Sources */,
				3E5A9D802A063A1400939718 /* WeatherDataModel.swift in Sources */,
				3E5A9D952A0649D900939718 /* MainWeatherTableViewCell.swift in Sources */,
				3E5A9D842A063A5900939718 /* NetworkResults.swift in Sources */,
				3E5A9D602A06360800939718 /* AppDelegate.swift in Sources */,
				3E5A9D932A0649CB00939718 /* MainWeatherTableView.swift in Sources */,
				3E5A9D7E2A06375A00939718 /* MainViewController.swift in Sources */,
				3E5A9D902A06485300939718 /* MainView.swift in Sources */,
				3E5A9D8E2A063CE400939718 /* Config.swift in Sources */,
				3E5A9D622A06360800939718 /* SceneDelegate.swift in Sources */,
				3E5A9D7A2A06368400939718 /* BaseView.swift in Sources */,
			);
			runOnlyForDeploymentPostprocessing = 0;
		};
/* End PBXSourcesBuildPhase section */

/* Begin PBXVariantGroup section */
		3E5A9D6A2A06360900939718 /* LaunchScreen.storyboard */ = {
			isa = PBXVariantGroup;
			children = (
				3E5A9D6B2A06360900939718 /* Base */,
			);
			name = LaunchScreen.storyboard;
			sourceTree = "<group>";
		};
/* End PBXVariantGroup section */

/* Begin XCBuildConfiguration section */
		3E5A9D6E2A06360900939718 /* Debug */ = {
			isa = XCBuildConfiguration;
			buildSettings = {
				ALWAYS_SEARCH_USER_PATHS = NO;
				CLANG_ANALYZER_NONNULL = YES;
				CLANG_ANALYZER_NUMBER_OBJECT_CONVERSION = YES_AGGRESSIVE;
				CLANG_CXX_LANGUAGE_STANDARD = "gnu++20";
				CLANG_ENABLE_MODULES = YES;
				CLANG_ENABLE_OBJC_ARC = YES;
				CLANG_ENABLE_OBJC_WEAK = YES;
				CLANG_WARN_BLOCK_CAPTURE_AUTORELEASING = YES;
				CLANG_WARN_BOOL_CONVERSION = YES;
				CLANG_WARN_COMMA = YES;
				CLANG_WARN_CONSTANT_CONVERSION = YES;
				CLANG_WARN_DEPRECATED_OBJC_IMPLEMENTATIONS = YES;
				CLANG_WARN_DIRECT_OBJC_ISA_USAGE = YES_ERROR;
				CLANG_WARN_DOCUMENTATION_COMMENTS = YES;
				CLANG_WARN_EMPTY_BODY = YES;
				CLANG_WARN_ENUM_CONVERSION = YES;
				CLANG_WARN_INFINITE_RECURSION = YES;
				CLANG_WARN_INT_CONVERSION = YES;
				CLANG_WARN_NON_LITERAL_NULL_CONVERSION = YES;
				CLANG_WARN_OBJC_IMPLICIT_RETAIN_SELF = YES;
				CLANG_WARN_OBJC_LITERAL_CONVERSION = YES;
				CLANG_WARN_OBJC_ROOT_CLASS = YES_ERROR;
				CLANG_WARN_QUOTED_INCLUDE_IN_FRAMEWORK_HEADER = YES;
				CLANG_WARN_RANGE_LOOP_ANALYSIS = YES;
				CLANG_WARN_STRICT_PROTOTYPES = YES;
				CLANG_WARN_SUSPICIOUS_MOVE = YES;
				CLANG_WARN_UNGUARDED_AVAILABILITY = YES_AGGRESSIVE;
				CLANG_WARN_UNREACHABLE_CODE = YES;
				CLANG_WARN__DUPLICATE_METHOD_MATCH = YES;
				COPY_PHASE_STRIP = NO;
				DEBUG_INFORMATION_FORMAT = dwarf;
				ENABLE_STRICT_OBJC_MSGSEND = YES;
				ENABLE_TESTABILITY = YES;
				GCC_C_LANGUAGE_STANDARD = gnu11;
				GCC_DYNAMIC_NO_PIC = NO;
				GCC_NO_COMMON_BLOCKS = YES;
				GCC_OPTIMIZATION_LEVEL = 0;
				GCC_PREPROCESSOR_DEFINITIONS = (
					"DEBUG=1",
					"$(inherited)",
				);
				GCC_WARN_64_TO_32_BIT_CONVERSION = YES;
				GCC_WARN_ABOUT_RETURN_TYPE = YES_ERROR;
				GCC_WARN_UNDECLARED_SELECTOR = YES;
				GCC_WARN_UNINITIALIZED_AUTOS = YES_AGGRESSIVE;
				GCC_WARN_UNUSED_FUNCTION = YES;
				GCC_WARN_UNUSED_VARIABLE = YES;
				IPHONEOS_DEPLOYMENT_TARGET = 16.4;
				MTL_ENABLE_DEBUG_INFO = INCLUDE_SOURCE;
				MTL_FAST_MATH = YES;
				ONLY_ACTIVE_ARCH = YES;
				SDKROOT = iphoneos;
				SWIFT_ACTIVE_COMPILATION_CONDITIONS = DEBUG;
				SWIFT_OPTIMIZATION_LEVEL = "-Onone";
			};
			name = Debug;
		};
		3E5A9D6F2A06360900939718 /* Release */ = {
			isa = XCBuildConfiguration;
			buildSettings = {
				ALWAYS_SEARCH_USER_PATHS = NO;
				CLANG_ANALYZER_NONNULL = YES;
				CLANG_ANALYZER_NUMBER_OBJECT_CONVERSION = YES_AGGRESSIVE;
				CLANG_CXX_LANGUAGE_STANDARD = "gnu++20";
				CLANG_ENABLE_MODULES = YES;
				CLANG_ENABLE_OBJC_ARC = YES;
				CLANG_ENABLE_OBJC_WEAK = YES;
				CLANG_WARN_BLOCK_CAPTURE_AUTORELEASING = YES;
				CLANG_WARN_BOOL_CONVERSION = YES;
				CLANG_WARN_COMMA = YES;
				CLANG_WARN_CONSTANT_CONVERSION = YES;
				CLANG_WARN_DEPRECATED_OBJC_IMPLEMENTATIONS = YES;
				CLANG_WARN_DIRECT_OBJC_ISA_USAGE = YES_ERROR;
				CLANG_WARN_DOCUMENTATION_COMMENTS = YES;
				CLANG_WARN_EMPTY_BODY = YES;
				CLANG_WARN_ENUM_CONVERSION = YES;
				CLANG_WARN_INFINITE_RECURSION = YES;
				CLANG_WARN_INT_CONVERSION = YES;
				CLANG_WARN_NON_LITERAL_NULL_CONVERSION = YES;
				CLANG_WARN_OBJC_IMPLICIT_RETAIN_SELF = YES;
				CLANG_WARN_OBJC_LITERAL_CONVERSION = YES;
				CLANG_WARN_OBJC_ROOT_CLASS = YES_ERROR;
				CLANG_WARN_QUOTED_INCLUDE_IN_FRAMEWORK_HEADER = YES;
				CLANG_WARN_RANGE_LOOP_ANALYSIS = YES;
				CLANG_WARN_STRICT_PROTOTYPES = YES;
				CLANG_WARN_SUSPICIOUS_MOVE = YES;
				CLANG_WARN_UNGUARDED_AVAILABILITY = YES_AGGRESSIVE;
				CLANG_WARN_UNREACHABLE_CODE = YES;
				CLANG_WARN__DUPLICATE_METHOD_MATCH = YES;
				COPY_PHASE_STRIP = NO;
				DEBUG_INFORMATION_FORMAT = "dwarf-with-dsym";
				ENABLE_NS_ASSERTIONS = NO;
				ENABLE_STRICT_OBJC_MSGSEND = YES;
				GCC_C_LANGUAGE_STANDARD = gnu11;
				GCC_NO_COMMON_BLOCKS = YES;
				GCC_WARN_64_TO_32_BIT_CONVERSION = YES;
				GCC_WARN_ABOUT_RETURN_TYPE = YES_ERROR;
				GCC_WARN_UNDECLARED_SELECTOR = YES;
				GCC_WARN_UNINITIALIZED_AUTOS = YES_AGGRESSIVE;
				GCC_WARN_UNUSED_FUNCTION = YES;
				GCC_WARN_UNUSED_VARIABLE = YES;
				IPHONEOS_DEPLOYMENT_TARGET = 16.4;
				MTL_ENABLE_DEBUG_INFO = NO;
				MTL_FAST_MATH = YES;
				SDKROOT = iphoneos;
				SWIFT_COMPILATION_MODE = wholemodule;
				SWIFT_OPTIMIZATION_LEVEL = "-O";
				VALIDATE_PRODUCT = YES;
			};
			name = Release;
		};
		3E5A9D712A06360900939718 /* Debug */ = {
			isa = XCBuildConfiguration;
			buildSettings = {
				API_KEY = 935b6207625403b1e340fa339c0f4e59;
				ASSETCATALOG_COMPILER_APPICON_NAME = AppIcon;
				ASSETCATALOG_COMPILER_GLOBAL_ACCENT_COLOR_NAME = AccentColor;
				BASE_URL = "https://api.openweathermap.org/data/2.5/";
				CODE_SIGN_STYLE = Automatic;
				CURRENT_PROJECT_VERSION = 1;
				DEVELOPMENT_TEAM = S9G6YGQ76H;
				GENERATE_INFOPLIST_FILE = YES;
				INFOPLIST_FILE = WeatherAPIPractice/Info.plist;
				INFOPLIST_KEY_UIApplicationSupportsIndirectInputEvents = YES;
				INFOPLIST_KEY_UILaunchStoryboardName = LaunchScreen;
				INFOPLIST_KEY_UISupportedInterfaceOrientations_iPad = "UIInterfaceOrientationPortrait UIInterfaceOrientationPortraitUpsideDown UIInterfaceOrientationLandscapeLeft UIInterfaceOrientationLandscapeRight";
				INFOPLIST_KEY_UISupportedInterfaceOrientations_iPhone = "UIInterfaceOrientationPortrait UIInterfaceOrientationLandscapeLeft UIInterfaceOrientationLandscapeRight";
				LD_RUNPATH_SEARCH_PATHS = (
					"$(inherited)",
					"@executable_path/Frameworks",
				);
				MARKETING_VERSION = 1.0;
				PRODUCT_BUNDLE_IDENTIFIER = "com-id.WeatherAPIPractice";
				PRODUCT_NAME = "$(TARGET_NAME)";
				SWIFT_EMIT_LOC_STRINGS = YES;
				SWIFT_VERSION = 5.0;
				TARGETED_DEVICE_FAMILY = "1,2";
			};
			name = Debug;
		};
		3E5A9D722A06360900939718 /* Release */ = {
			isa = XCBuildConfiguration;
			buildSettings = {
				API_KEY = 935b6207625403b1e340fa339c0f4e59;
				ASSETCATALOG_COMPILER_APPICON_NAME = AppIcon;
				ASSETCATALOG_COMPILER_GLOBAL_ACCENT_COLOR_NAME = AccentColor;
				BASE_URL = "https://api.openweathermap.org/data/2.5/";
				CODE_SIGN_STYLE = Automatic;
				CURRENT_PROJECT_VERSION = 1;
				DEVELOPMENT_TEAM = S9G6YGQ76H;
				GENERATE_INFOPLIST_FILE = YES;
				INFOPLIST_FILE = WeatherAPIPractice/Info.plist;
				INFOPLIST_KEY_UIApplicationSupportsIndirectInputEvents = YES;
				INFOPLIST_KEY_UILaunchStoryboardName = LaunchScreen;
				INFOPLIST_KEY_UISupportedInterfaceOrientations_iPad = "UIInterfaceOrientationPortrait UIInterfaceOrientationPortraitUpsideDown UIInterfaceOrientationLandscapeLeft UIInterfaceOrientationLandscapeRight";
				INFOPLIST_KEY_UISupportedInterfaceOrientations_iPhone = "UIInterfaceOrientationPortrait UIInterfaceOrientationLandscapeLeft UIInterfaceOrientationLandscapeRight";
				LD_RUNPATH_SEARCH_PATHS = (
					"$(inherited)",
					"@executable_path/Frameworks",
				);
				MARKETING_VERSION = 1.0;
				PRODUCT_BUNDLE_IDENTIFIER = "com-id.WeatherAPIPractice";
				PRODUCT_NAME = "$(TARGET_NAME)";
				SWIFT_EMIT_LOC_STRINGS = YES;
				SWIFT_VERSION = 5.0;
				TARGETED_DEVICE_FAMILY = "1,2";
			};
			name = Release;
		};
/* End XCBuildConfiguration section */

/* Begin XCConfigurationList section */
		3E5A9D572A06360800939718 /* Build configuration list for PBXProject "WeatherAPIPractice" */ = {
			isa = XCConfigurationList;
			buildConfigurations = (
				3E5A9D6E2A06360900939718 /* Debug */,
				3E5A9D6F2A06360900939718 /* Release */,
			);
			defaultConfigurationIsVisible = 0;
			defaultConfigurationName = Release;
		};
		3E5A9D702A06360900939718 /* Build configuration list for PBXNativeTarget "WeatherAPIPractice" */ = {
			isa = XCConfigurationList;
			buildConfigurations = (
				3E5A9D712A06360900939718 /* Debug */,
				3E5A9D722A06360900939718 /* Release */,
			);
			defaultConfigurationIsVisible = 0;
			defaultConfigurationName = Release;
		};
/* End XCConfigurationList section */

/* Begin XCRemoteSwiftPackageReference section */
		3E5A9D872A063AB700939718 /* XCRemoteSwiftPackageReference "Alamofire" */ = {
			isa = XCRemoteSwiftPackageReference;
			repositoryURL = "https://github.com/Alamofire/Alamofire";
			requirement = {
				kind = upToNextMajorVersion;
				minimumVersion = 5.0.0;
			};
		};
		3E5A9D8A2A063AC700939718 /* XCRemoteSwiftPackageReference "SnapKit" */ = {
			isa = XCRemoteSwiftPackageReference;
			repositoryURL = "https://github.com/SnapKit/SnapKit";
			requirement = {
				kind = upToNextMajorVersion;
				minimumVersion = 5.0.0;
			};
		};
/* End XCRemoteSwiftPackageReference section */

/* Begin XCSwiftPackageProductDependency section */
		3E5A9D882A063AB700939718 /* Alamofire */ = {
			isa = XCSwiftPackageProductDependency;
			package = 3E5A9D872A063AB700939718 /* XCRemoteSwiftPackageReference "Alamofire" */;
			productName = Alamofire;
		};
		3E5A9D8B2A063AC700939718 /* SnapKit */ = {
			isa = XCSwiftPackageProductDependency;
			package = 3E5A9D8A2A063AC700939718 /* XCRemoteSwiftPackageReference "SnapKit" */;
			productName = SnapKit;
		};
/* End XCSwiftPackageProductDependency section */
	};
	rootObject = 3E5A9D542A06360800939718 /* Project object */;
}
