// !$*UTF8*$!
{
	archiveVersion = 1;
	classes = {
	};
	objectVersion = 56;
	objects = {

/* Begin PBXBuildFile section */
		3EF7906929E0F7440052578E /* AppDelegate.swift in Sources */ = {isa = PBXBuildFile; fileRef = 3EF7906829E0F7440052578E /* AppDelegate.swift */; };
		3EF7906B29E0F7440052578E /* SceneDelegate.swift in Sources */ = {isa = PBXBuildFile; fileRef = 3EF7906A29E0F7440052578E /* SceneDelegate.swift */; };
		3EF7907229E0F7450052578E /* Assets.xcassets in Resources */ = {isa = PBXBuildFile; fileRef = 3EF7907129E0F7450052578E /* Assets.xcassets */; };
		3EF7907529E0F7450052578E /* LaunchScreen.storyboard in Resources */ = {isa = PBXBuildFile; fileRef = 3EF7907329E0F7450052578E /* LaunchScreen.storyboard */; };
		3EF7907D29E130780052578E /* FirstViewController_DelegatePattern.swift in Sources */ = {isa = PBXBuildFile; fileRef = 3EF7907C29E130780052578E /* FirstViewController_DelegatePattern.swift */; };
		3EF7907F29E132CB0052578E /* SecondViewController_DelegatePattern.swift in Sources */ = {isa = PBXBuildFile; fileRef = 3EF7907E29E132CB0052578E /* SecondViewController_DelegatePattern.swift */; };
		3EF7908329E138470052578E /* FirstViewController_Closure.swift in Sources */ = {isa = PBXBuildFile; fileRef = 3EF7908229E138470052578E /* FirstViewController_Closure.swift */; };
		3EF7908529E1385B0052578E /* SecondViewController_Closure.swift in Sources */ = {isa = PBXBuildFile; fileRef = 3EF7908429E1385B0052578E /* SecondViewController_Closure.swift */; };
		3EF7908829E141BB0052578E /* SnapKit in Frameworks */ = {isa = PBXBuildFile; productRef = 3EF7908729E141BB0052578E /* SnapKit */; };
		3EF7908B29E142A80052578E /* Inject in Frameworks */ = {isa = PBXBuildFile; productRef = 3EF7908A29E142A80052578E /* Inject */; };
		3EF7908E29E143920052578E /* Then in Frameworks */ = {isa = PBXBuildFile; productRef = 3EF7908D29E143920052578E /* Then */; };
		3EF7909029E146A40052578E /* FirstViewController.swift in Sources */ = {isa = PBXBuildFile; fileRef = 3EF7908F29E146A40052578E /* FirstViewController.swift */; };
		3EF7909229E146AE0052578E /* SecondViewController.swift in Sources */ = {isa = PBXBuildFile; fileRef = 3EF7909129E146AE0052578E /* SecondViewController.swift */; };
		3EF7909429E152F90052578E /* SnapKitViewController.swift in Sources */ = {isa = PBXBuildFile; fileRef = 3EF7909329E152F90052578E /* SnapKitViewController.swift */; };
		3EF7909629E156A10052578E /* AdditionalViewController.swift in Sources */ = {isa = PBXBuildFile; fileRef = 3EF7909529E156A10052578E /* AdditionalViewController.swift */; };
/* End PBXBuildFile section */

/* Begin PBXFileReference section */
		3EF7906529E0F7440052578E /* Second_Seminar.app */ = {isa = PBXFileReference; explicitFileType = wrapper.application; includeInIndex = 0; path = Second_Seminar.app; sourceTree = BUILT_PRODUCTS_DIR; };
		3EF7906829E0F7440052578E /* AppDelegate.swift */ = {isa = PBXFileReference; lastKnownFileType = sourcecode.swift; path = AppDelegate.swift; sourceTree = "<group>"; };
		3EF7906A29E0F7440052578E /* SceneDelegate.swift */ = {isa = PBXFileReference; lastKnownFileType = sourcecode.swift; path = SceneDelegate.swift; sourceTree = "<group>"; };
		3EF7907129E0F7450052578E /* Assets.xcassets */ = {isa = PBXFileReference; lastKnownFileType = folder.assetcatalog; path = Assets.xcassets; sourceTree = "<group>"; };
		3EF7907429E0F7450052578E /* Base */ = {isa = PBXFileReference; lastKnownFileType = file.storyboard; name = Base; path = Base.lproj/LaunchScreen.storyboard; sourceTree = "<group>"; };
		3EF7907629E0F7450052578E /* Info.plist */ = {isa = PBXFileReference; lastKnownFileType = text.plist.xml; path = Info.plist; sourceTree = "<group>"; };
		3EF7907C29E130780052578E /* FirstViewController_DelegatePattern.swift */ = {isa = PBXFileReference; lastKnownFileType = sourcecode.swift; path = FirstViewController_DelegatePattern.swift; sourceTree = "<group>"; };
		3EF7907E29E132CB0052578E /* SecondViewController_DelegatePattern.swift */ = {isa = PBXFileReference; lastKnownFileType = sourcecode.swift; path = SecondViewController_DelegatePattern.swift; sourceTree = "<group>"; };
		3EF7908229E138470052578E /* FirstViewController_Closure.swift */ = {isa = PBXFileReference; lastKnownFileType = sourcecode.swift; path = FirstViewController_Closure.swift; sourceTree = "<group>"; };
		3EF7908429E1385B0052578E /* SecondViewController_Closure.swift */ = {isa = PBXFileReference; lastKnownFileType = sourcecode.swift; path = SecondViewController_Closure.swift; sourceTree = "<group>"; };
		3EF7908F29E146A40052578E /* FirstViewController.swift */ = {isa = PBXFileReference; lastKnownFileType = sourcecode.swift; path = FirstViewController.swift; sourceTree = "<group>"; };
		3EF7909129E146AE0052578E /* SecondViewController.swift */ = {isa = PBXFileReference; lastKnownFileType = sourcecode.swift; path = SecondViewController.swift; sourceTree = "<group>"; };
		3EF7909329E152F90052578E /* SnapKitViewController.swift */ = {isa = PBXFileReference; lastKnownFileType = sourcecode.swift; path = SnapKitViewController.swift; sourceTree = "<group>"; };
		3EF7909529E156A10052578E /* AdditionalViewController.swift */ = {isa = PBXFileReference; lastKnownFileType = sourcecode.swift; path = AdditionalViewController.swift; sourceTree = "<group>"; };
/* End PBXFileReference section */

/* Begin PBXFrameworksBuildPhase section */
		3EF7906229E0F7440052578E /* Frameworks */ = {
			isa = PBXFrameworksBuildPhase;
			buildActionMask = 2147483647;
			files = (
				3EF7908829E141BB0052578E /* SnapKit in Frameworks */,
				3EF7908E29E143920052578E /* Then in Frameworks */,
				3EF7908B29E142A80052578E /* Inject in Frameworks */,
			);
			runOnlyForDeploymentPostprocessing = 0;
		};
/* End PBXFrameworksBuildPhase section */

/* Begin PBXGroup section */
		3EF7905C29E0F7440052578E = {
			isa = PBXGroup;
			children = (
				3EF7906729E0F7440052578E /* Second_Seminar */,
				3EF7906629E0F7440052578E /* Products */,
			);
			sourceTree = "<group>";
		};
		3EF7906629E0F7440052578E /* Products */ = {
			isa = PBXGroup;
			children = (
				3EF7906529E0F7440052578E /* Second_Seminar.app */,
			);
			name = Products;
			sourceTree = "<group>";
		};
		3EF7906729E0F7440052578E /* Second_Seminar */ = {
			isa = PBXGroup;
			children = (
				3EF7906829E0F7440052578E /* AppDelegate.swift */,
				3EF7906A29E0F7440052578E /* SceneDelegate.swift */,
				3EF7907C29E130780052578E /* FirstViewController_DelegatePattern.swift */,
				3EF7908F29E146A40052578E /* FirstViewController.swift */,
				3EF7909529E156A10052578E /* AdditionalViewController.swift */,
				3EF7909329E152F90052578E /* SnapKitViewController.swift */,
				3EF7909129E146AE0052578E /* SecondViewController.swift */,
				3EF7907E29E132CB0052578E /* SecondViewController_DelegatePattern.swift */,
				3EF7908229E138470052578E /* FirstViewController_Closure.swift */,
				3EF7908429E1385B0052578E /* SecondViewController_Closure.swift */,
				3EF7907129E0F7450052578E /* Assets.xcassets */,
				3EF7907329E0F7450052578E /* LaunchScreen.storyboard */,
				3EF7907629E0F7450052578E /* Info.plist */,
			);
			path = Second_Seminar;
			sourceTree = "<group>";
		};
/* End PBXGroup section */

/* Begin PBXNativeTarget section */
		3EF7906429E0F7440052578E /* Second_Seminar */ = {
			isa = PBXNativeTarget;
			buildConfigurationList = 3EF7907929E0F7450052578E /* Build configuration list for PBXNativeTarget "Second_Seminar" */;
			buildPhases = (
				3EF7906129E0F7440052578E /* Sources */,
				3EF7906229E0F7440052578E /* Frameworks */,
				3EF7906329E0F7440052578E /* Resources */,
			);
			buildRules = (
			);
			dependencies = (
			);
			name = Second_Seminar;
			packageProductDependencies = (
				3EF7908729E141BB0052578E /* SnapKit */,
				3EF7908A29E142A80052578E /* Inject */,
				3EF7908D29E143920052578E /* Then */,
			);
			productName = Second_Seminar;
			productReference = 3EF7906529E0F7440052578E /* Second_Seminar.app */;
			productType = "com.apple.product-type.application";
		};
/* End PBXNativeTarget section */

/* Begin PBXProject section */
		3EF7905D29E0F7440052578E /* Project object */ = {
			isa = PBXProject;
			attributes = {
				BuildIndependentTargetsInParallel = 1;
				LastSwiftUpdateCheck = 1430;
				LastUpgradeCheck = 1430;
				TargetAttributes = {
					3EF7906429E0F7440052578E = {
						CreatedOnToolsVersion = 14.3;
					};
				};
			};
			buildConfigurationList = 3EF7906029E0F7440052578E /* Build configuration list for PBXProject "Second_Seminar" */;
			compatibilityVersion = "Xcode 14.0";
			developmentRegion = en;
			hasScannedForEncodings = 0;
			knownRegions = (
				en,
				Base,
			);
			mainGroup = 3EF7905C29E0F7440052578E;
			packageReferences = (
				3EF7908629E141BA0052578E /* XCRemoteSwiftPackageReference "SnapKit" */,
				3EF7908929E142A80052578E /* XCRemoteSwiftPackageReference "Inject" */,
				3EF7908C29E143920052578E /* XCRemoteSwiftPackageReference "Then" */,
			);
			productRefGroup = 3EF7906629E0F7440052578E /* Products */;
			projectDirPath = "";
			projectRoot = "";
			targets = (
				3EF7906429E0F7440052578E /* Second_Seminar */,
			);
		};
/* End PBXProject section */

/* Begin PBXResourcesBuildPhase section */
		3EF7906329E0F7440052578E /* Resources */ = {
			isa = PBXResourcesBuildPhase;
			buildActionMask = 2147483647;
			files = (
				3EF7907529E0F7450052578E /* LaunchScreen.storyboard in Resources */,
				3EF7907229E0F7450052578E /* Assets.xcassets in Resources */,
			);
			runOnlyForDeploymentPostprocessing = 0;
		};
/* End PBXResourcesBuildPhase section */

/* Begin PBXSourcesBuildPhase section */
		3EF7906129E0F7440052578E /* Sources */ = {
			isa = PBXSourcesBuildPhase;
			buildActionMask = 2147483647;
			files = (
				3EF7909229E146AE0052578E /* SecondViewController.swift in Sources */,
				3EF7909629E156A10052578E /* AdditionalViewController.swift in Sources */,
				3EF7908529E1385B0052578E /* SecondViewController_Closure.swift in Sources */,
				3EF7906929E0F7440052578E /* AppDelegate.swift in Sources */,
				3EF7909429E152F90052578E /* SnapKitViewController.swift in Sources */,
				3EF7908329E138470052578E /* FirstViewController_Closure.swift in Sources */,
				3EF7906B29E0F7440052578E /* SceneDelegate.swift in Sources */,
				3EF7907F29E132CB0052578E /* SecondViewController_DelegatePattern.swift in Sources */,
				3EF7907D29E130780052578E /* FirstViewController_DelegatePattern.swift in Sources */,
				3EF7909029E146A40052578E /* FirstViewController.swift in Sources */,
			);
			runOnlyForDeploymentPostprocessing = 0;
		};
/* End PBXSourcesBuildPhase section */

/* Begin PBXVariantGroup section */
		3EF7907329E0F7450052578E /* LaunchScreen.storyboard */ = {
			isa = PBXVariantGroup;
			children = (
				3EF7907429E0F7450052578E /* Base */,
			);
			name = LaunchScreen.storyboard;
			sourceTree = "<group>";
		};
/* End PBXVariantGroup section */

/* Begin XCBuildConfiguration section */
		3EF7907729E0F7450052578E /* Debug */ = {
			isa = XCBuildConfiguration;
			buildSettings = {
				ALWAYS_SEARCH_USER_PATHS = NO;
				CLANG_ANALYZER_NONNULL = YES;
				CLANG_ANALYZER_NUMBER_OBJECT_CONVERSION = YES_AGGRESSIVE;
				CLANG_CXX_LANGUAGE_STANDARD = "gnu++20";
				CLANG_ENABLE_MODULES = YES;
				CLANG_ENABLE_OBJC_ARC = YES;
				CLANG_ENABLE_OBJC_WEAK = YES;
				CLANG_WARN_BLOCK_CAPTURE_AUTORELEASING = YES;
				CLANG_WARN_BOOL_CONVERSION = YES;
				CLANG_WARN_COMMA = YES;
				CLANG_WARN_CONSTANT_CONVERSION = YES;
				CLANG_WARN_DEPRECATED_OBJC_IMPLEMENTATIONS = YES;
				CLANG_WARN_DIRECT_OBJC_ISA_USAGE = YES_ERROR;
				CLANG_WARN_DOCUMENTATION_COMMENTS = YES;
				CLANG_WARN_EMPTY_BODY = YES;
				CLANG_WARN_ENUM_CONVERSION = YES;
				CLANG_WARN_INFINITE_RECURSION = YES;
				CLANG_WARN_INT_CONVERSION = YES;
				CLANG_WARN_NON_LITERAL_NULL_CONVERSION = YES;
				CLANG_WARN_OBJC_IMPLICIT_RETAIN_SELF = YES;
				CLANG_WARN_OBJC_LITERAL_CONVERSION = YES;
				CLANG_WARN_OBJC_ROOT_CLASS = YES_ERROR;
				CLANG_WARN_QUOTED_INCLUDE_IN_FRAMEWORK_HEADER = YES;
				CLANG_WARN_RANGE_LOOP_ANALYSIS = YES;
				CLANG_WARN_STRICT_PROTOTYPES = YES;
				CLANG_WARN_SUSPICIOUS_MOVE = YES;
				CLANG_WARN_UNGUARDED_AVAILABILITY = YES_AGGRESSIVE;
				CLANG_WARN_UNREACHABLE_CODE = YES;
				CLANG_WARN__DUPLICATE_METHOD_MATCH = YES;
				COPY_PHASE_STRIP = NO;
				DEBUG_INFORMATION_FORMAT = dwarf;
				ENABLE_STRICT_OBJC_MSGSEND = YES;
				ENABLE_TESTABILITY = YES;
				GCC_C_LANGUAGE_STANDARD = gnu11;
				GCC_DYNAMIC_NO_PIC = NO;
				GCC_NO_COMMON_BLOCKS = YES;
				GCC_OPTIMIZATION_LEVEL = 0;
				GCC_PREPROCESSOR_DEFINITIONS = (
					"DEBUG=1",
					"$(inherited)",
				);
				GCC_WARN_64_TO_32_BIT_CONVERSION = YES;
				GCC_WARN_ABOUT_RETURN_TYPE = YES_ERROR;
				GCC_WARN_UNDECLARED_SELECTOR = YES;
				GCC_WARN_UNINITIALIZED_AUTOS = YES_AGGRESSIVE;
				GCC_WARN_UNUSED_FUNCTION = YES;
				GCC_WARN_UNUSED_VARIABLE = YES;
				IPHONEOS_DEPLOYMENT_TARGET = 16.4;
				MTL_ENABLE_DEBUG_INFO = INCLUDE_SOURCE;
				MTL_FAST_MATH = YES;
				ONLY_ACTIVE_ARCH = YES;
				SDKROOT = iphoneos;
				SWIFT_ACTIVE_COMPILATION_CONDITIONS = DEBUG;
				SWIFT_OPTIMIZATION_LEVEL = "-Onone";
			};
			name = Debug;
		};
		3EF7907829E0F7450052578E /* Release */ = {
			isa = XCBuildConfiguration;
			buildSettings = {
				ALWAYS_SEARCH_USER_PATHS = NO;
				CLANG_ANALYZER_NONNULL = YES;
				CLANG_ANALYZER_NUMBER_OBJECT_CONVERSION = YES_AGGRESSIVE;
				CLANG_CXX_LANGUAGE_STANDARD = "gnu++20";
				CLANG_ENABLE_MODULES = YES;
				CLANG_ENABLE_OBJC_ARC = YES;
				CLANG_ENABLE_OBJC_WEAK = YES;
				CLANG_WARN_BLOCK_CAPTURE_AUTORELEASING = YES;
				CLANG_WARN_BOOL_CONVERSION = YES;
				CLANG_WARN_COMMA = YES;
				CLANG_WARN_CONSTANT_CONVERSION = YES;
				CLANG_WARN_DEPRECATED_OBJC_IMPLEMENTATIONS = YES;
				CLANG_WARN_DIRECT_OBJC_ISA_USAGE = YES_ERROR;
				CLANG_WARN_DOCUMENTATION_COMMENTS = YES;
				CLANG_WARN_EMPTY_BODY = YES;
				CLANG_WARN_ENUM_CONVERSION = YES;
				CLANG_WARN_INFINITE_RECURSION = YES;
				CLANG_WARN_INT_CONVERSION = YES;
				CLANG_WARN_NON_LITERAL_NULL_CONVERSION = YES;
				CLANG_WARN_OBJC_IMPLICIT_RETAIN_SELF = YES;
				CLANG_WARN_OBJC_LITERAL_CONVERSION = YES;
				CLANG_WARN_OBJC_ROOT_CLASS = YES_ERROR;
				CLANG_WARN_QUOTED_INCLUDE_IN_FRAMEWORK_HEADER = YES;
				CLANG_WARN_RANGE_LOOP_ANALYSIS = YES;
				CLANG_WARN_STRICT_PROTOTYPES = YES;
				CLANG_WARN_SUSPICIOUS_MOVE = YES;
				CLANG_WARN_UNGUARDED_AVAILABILITY = YES_AGGRESSIVE;
				CLANG_WARN_UNREACHABLE_CODE = YES;
				CLANG_WARN__DUPLICATE_METHOD_MATCH = YES;
				COPY_PHASE_STRIP = NO;
				DEBUG_INFORMATION_FORMAT = "dwarf-with-dsym";
				ENABLE_NS_ASSERTIONS = NO;
				ENABLE_STRICT_OBJC_MSGSEND = YES;
				GCC_C_LANGUAGE_STANDARD = gnu11;
				GCC_NO_COMMON_BLOCKS = YES;
				GCC_WARN_64_TO_32_BIT_CONVERSION = YES;
				GCC_WARN_ABOUT_RETURN_TYPE = YES_ERROR;
				GCC_WARN_UNDECLARED_SELECTOR = YES;
				GCC_WARN_UNINITIALIZED_AUTOS = YES_AGGRESSIVE;
				GCC_WARN_UNUSED_FUNCTION = YES;
				GCC_WARN_UNUSED_VARIABLE = YES;
				IPHONEOS_DEPLOYMENT_TARGET = 16.4;
				MTL_ENABLE_DEBUG_INFO = NO;
				MTL_FAST_MATH = YES;
				SDKROOT = iphoneos;
				SWIFT_COMPILATION_MODE = wholemodule;
				SWIFT_OPTIMIZATION_LEVEL = "-O";
				VALIDATE_PRODUCT = YES;
			};
			name = Release;
		};
		3EF7907A29E0F7450052578E /* Debug */ = {
			isa = XCBuildConfiguration;
			buildSettings = {
				ASSETCATALOG_COMPILER_APPICON_NAME = AppIcon;
				ASSETCATALOG_COMPILER_GLOBAL_ACCENT_COLOR_NAME = AccentColor;
				CODE_SIGN_STYLE = Automatic;
				CURRENT_PROJECT_VERSION = 1;
				DEVELOPMENT_TEAM = S9G6YGQ76H;
				GENERATE_INFOPLIST_FILE = YES;
				INFOPLIST_FILE = Second_Seminar/Info.plist;
				INFOPLIST_KEY_UIApplicationSupportsIndirectInputEvents = YES;
				INFOPLIST_KEY_UILaunchStoryboardName = "";
				INFOPLIST_KEY_UISupportedInterfaceOrientations_iPad = "UIInterfaceOrientationPortrait UIInterfaceOrientationPortraitUpsideDown UIInterfaceOrientationLandscapeLeft UIInterfaceOrientationLandscapeRight";
				INFOPLIST_KEY_UISupportedInterfaceOrientations_iPhone = "UIInterfaceOrientationPortrait UIInterfaceOrientationLandscapeLeft UIInterfaceOrientationLandscapeRight";
				LD_RUNPATH_SEARCH_PATHS = (
					"$(inherited)",
					"@executable_path/Frameworks",
				);
				MARKETING_VERSION = 1.0;
				OTHER_LDFLAGS = "-Xlinker-interposable";
				PRODUCT_BUNDLE_IDENTIFIER = "com-id.Second-Seminar";
				PRODUCT_NAME = "$(TARGET_NAME)";
				SWIFT_EMIT_LOC_STRINGS = YES;
				SWIFT_VERSION = 5.0;
				TARGETED_DEVICE_FAMILY = "1,2";
			};
			name = Debug;
		};
		3EF7907B29E0F7450052578E /* Release */ = {
			isa = XCBuildConfiguration;
			buildSettings = {
				ASSETCATALOG_COMPILER_APPICON_NAME = AppIcon;
				ASSETCATALOG_COMPILER_GLOBAL_ACCENT_COLOR_NAME = AccentColor;
				CODE_SIGN_STYLE = Automatic;
				CURRENT_PROJECT_VERSION = 1;
				DEVELOPMENT_TEAM = S9G6YGQ76H;
				GENERATE_INFOPLIST_FILE = YES;
				INFOPLIST_FILE = Second_Seminar/Info.plist;
				INFOPLIST_KEY_UIApplicationSupportsIndirectInputEvents = YES;
				INFOPLIST_KEY_UILaunchStoryboardName = "";
				INFOPLIST_KEY_UISupportedInterfaceOrientations_iPad = "UIInterfaceOrientationPortrait UIInterfaceOrientationPortraitUpsideDown UIInterfaceOrientationLandscapeLeft UIInterfaceOrientationLandscapeRight";
				INFOPLIST_KEY_UISupportedInterfaceOrientations_iPhone = "UIInterfaceOrientationPortrait UIInterfaceOrientationLandscapeLeft UIInterfaceOrientationLandscapeRight";
				LD_RUNPATH_SEARCH_PATHS = (
					"$(inherited)",
					"@executable_path/Frameworks",
				);
				MARKETING_VERSION = 1.0;
				OTHER_LDFLAGS = "-Xlinker-interposable";
				PRODUCT_BUNDLE_IDENTIFIER = "com-id.Second-Seminar";
				PRODUCT_NAME = "$(TARGET_NAME)";
				SWIFT_EMIT_LOC_STRINGS = YES;
				SWIFT_VERSION = 5.0;
				TARGETED_DEVICE_FAMILY = "1,2";
			};
			name = Release;
		};
/* End XCBuildConfiguration section */

/* Begin XCConfigurationList section */
		3EF7906029E0F7440052578E /* Build configuration list for PBXProject "Second_Seminar" */ = {
			isa = XCConfigurationList;
			buildConfigurations = (
				3EF7907729E0F7450052578E /* Debug */,
				3EF7907829E0F7450052578E /* Release */,
			);
			defaultConfigurationIsVisible = 0;
			defaultConfigurationName = Release;
		};
		3EF7907929E0F7450052578E /* Build configuration list for PBXNativeTarget "Second_Seminar" */ = {
			isa = XCConfigurationList;
			buildConfigurations = (
				3EF7907A29E0F7450052578E /* Debug */,
				3EF7907B29E0F7450052578E /* Release */,
			);
			defaultConfigurationIsVisible = 0;
			defaultConfigurationName = Release;
		};
/* End XCConfigurationList section */

/* Begin XCRemoteSwiftPackageReference section */
		3EF7908629E141BA0052578E /* XCRemoteSwiftPackageReference "SnapKit" */ = {
			isa = XCRemoteSwiftPackageReference;
			repositoryURL = "https://github.com/SnapKit/SnapKit";
			requirement = {
				kind = upToNextMajorVersion;
				minimumVersion = 5.0.0;
			};
		};
		3EF7908929E142A80052578E /* XCRemoteSwiftPackageReference "Inject" */ = {
			isa = XCRemoteSwiftPackageReference;
			repositoryURL = "https://github.com/krzysztofzablocki/Inject";
			requirement = {
				kind = upToNextMajorVersion;
				minimumVersion = 1.0.0;
			};
		};
		3EF7908C29E143920052578E /* XCRemoteSwiftPackageReference "Then" */ = {
			isa = XCRemoteSwiftPackageReference;
			repositoryURL = "https://github.com/devxoul/Then";
			requirement = {
				kind = upToNextMajorVersion;
				minimumVersion = 3.0.0;
			};
		};
/* End XCRemoteSwiftPackageReference section */

/* Begin XCSwiftPackageProductDependency section */
		3EF7908729E141BB0052578E /* SnapKit */ = {
			isa = XCSwiftPackageProductDependency;
			package = 3EF7908629E141BA0052578E /* XCRemoteSwiftPackageReference "SnapKit" */;
			productName = SnapKit;
		};
		3EF7908A29E142A80052578E /* Inject */ = {
			isa = XCSwiftPackageProductDependency;
			package = 3EF7908929E142A80052578E /* XCRemoteSwiftPackageReference "Inject" */;
			productName = Inject;
		};
		3EF7908D29E143920052578E /* Then */ = {
			isa = XCSwiftPackageProductDependency;
			package = 3EF7908C29E143920052578E /* XCRemoteSwiftPackageReference "Then" */;
			productName = Then;
		};
/* End XCSwiftPackageProductDependency section */
	};
	rootObject = 3EF7905D29E0F7440052578E /* Project object */;
}
