// !$*UTF8*$!
{
	archiveVersion = 1;
	classes = {
	};
	objectVersion = 56;
	objects = {

/* Begin PBXBuildFile section */
		3E5A9CD92A041B4000939718 /* CustomTabBar.swift in Sources */ = {isa = PBXBuildFile; fileRef = 3E5A9CD82A041B4000939718 /* CustomTabBar.swift */; };
		3E5A9CDE2A04258F00939718 /* BeforeReleaseViewController.swift in Sources */ = {isa = PBXBuildFile; fileRef = 3E5A9CDD2A04258F00939718 /* BeforeReleaseViewController.swift */; };
		3E5A9CE02A04259A00939718 /* SearchViewController.swift in Sources */ = {isa = PBXBuildFile; fileRef = 3E5A9CDF2A04259A00939718 /* SearchViewController.swift */; };
		3E5A9CE22A0425A200939718 /* RecordViewController.swift in Sources */ = {isa = PBXBuildFile; fileRef = 3E5A9CE12A0425A200939718 /* RecordViewController.swift */; };
		3E5A9CE72A04261A00939718 /* BeforeReleaseView.swift in Sources */ = {isa = PBXBuildFile; fileRef = 3E5A9CE62A04261A00939718 /* BeforeReleaseView.swift */; };
		3E5A9CE92A0426B200939718 /* SearchView.swift in Sources */ = {isa = PBXBuildFile; fileRef = 3E5A9CE82A0426B200939718 /* SearchView.swift */; };
		3E5A9CEB2A042AF900939718 /* RecordView.swift in Sources */ = {isa = PBXBuildFile; fileRef = 3E5A9CEA2A042AF900939718 /* RecordView.swift */; };
		3E5A9CEE2A042E8200939718 /* CustomTabBarController.swift in Sources */ = {isa = PBXBuildFile; fileRef = 3E5A9CED2A042E8200939718 /* CustomTabBarController.swift */; };
		3E83B0F029F7A2350015A7E0 /* CreateAccountView.swift in Sources */ = {isa = PBXBuildFile; fileRef = 3E83B0EF29F7A2350015A7E0 /* CreateAccountView.swift */; };
		3E83B0F229F7A2650015A7E0 /* BaseView.swift in Sources */ = {isa = PBXBuildFile; fileRef = 3E83B0F129F7A2650015A7E0 /* BaseView.swift */; };
		3E83B0F629F7ABCE0015A7E0 /* LoginView.swift in Sources */ = {isa = PBXBuildFile; fileRef = 3E83B0F529F7ABCE0015A7E0 /* LoginView.swift */; };
		3E83B0F829F7ABE70015A7E0 /* LoginCompleteView.swift in Sources */ = {isa = PBXBuildFile; fileRef = 3E83B0F729F7ABE70015A7E0 /* LoginCompleteView.swift */; };
		3E83B0FC29F82E670015A7E0 /* MyPageView.swift in Sources */ = {isa = PBXBuildFile; fileRef = 3E83B0FB29F82E670015A7E0 /* MyPageView.swift */; };
		3E83B0FE29F82E970015A7E0 /* MyPageViewController.swift in Sources */ = {isa = PBXBuildFile; fileRef = 3E83B0FD29F82E970015A7E0 /* MyPageViewController.swift */; };
		3E83B10029F8314E0015A7E0 /* SizeLiteral.swift in Sources */ = {isa = PBXBuildFile; fileRef = 3E83B0FF29F8314E0015A7E0 /* SizeLiteral.swift */; };
		3E83B10429F8338E0015A7E0 /* HomeView.swift in Sources */ = {isa = PBXBuildFile; fileRef = 3E83B10329F8338E0015A7E0 /* HomeView.swift */; };
		3E83B10629F834190015A7E0 /* HomeViewController.swift in Sources */ = {isa = PBXBuildFile; fileRef = 3E83B10529F834190015A7E0 /* HomeViewController.swift */; };
		3E83B10A29F8F49D0015A7E0 /* TextLiteral.swift in Sources */ = {isa = PBXBuildFile; fileRef = 3E83B10929F8F49D0015A7E0 /* TextLiteral.swift */; };
		3E83B10C29F8FE050015A7E0 /* SettingTableView.swift in Sources */ = {isa = PBXBuildFile; fileRef = 3E83B10B29F8FE050015A7E0 /* SettingTableView.swift */; };
		3E83B10E29F8FE1F0015A7E0 /* SettingTableViewCell.swift in Sources */ = {isa = PBXBuildFile; fileRef = 3E83B10D29F8FE1F0015A7E0 /* SettingTableViewCell.swift */; };
		3E83B11129F9472B0015A7E0 /* MyPageHeaderView.swift in Sources */ = {isa = PBXBuildFile; fileRef = 3E83B11029F9472B0015A7E0 /* MyPageHeaderView.swift */; };
		3E83B11629F98B230015A7E0 /* MovieModel.swift in Sources */ = {isa = PBXBuildFile; fileRef = 3E83B11529F98B230015A7E0 /* MovieModel.swift */; };
		3E83B12229FAABC70015A7E0 /* SettingTableViewFooter.swift in Sources */ = {isa = PBXBuildFile; fileRef = 3E83B12129FAABC70015A7E0 /* SettingTableViewFooter.swift */; };
		3E83B12429FAEC5B0015A7E0 /* IconButton.swift in Sources */ = {isa = PBXBuildFile; fileRef = 3E83B12329FAEC5B0015A7E0 /* IconButton.swift */; };
		3E83B12B29FBBDDC0015A7E0 /* PageControlCollectionView.swift in Sources */ = {isa = PBXBuildFile; fileRef = 3E83B12A29FBBDDC0015A7E0 /* PageControlCollectionView.swift */; };
		3E83B12E29FBBF000015A7E0 /* PageControlCollectionViewCell.swift in Sources */ = {isa = PBXBuildFile; fileRef = 3E83B12D29FBBF000015A7E0 /* PageControlCollectionViewCell.swift */; };
		3E83B13029FBC2E70015A7E0 /* IdentifierLiteral.swift in Sources */ = {isa = PBXBuildFile; fileRef = 3E83B12F29FBC2E70015A7E0 /* IdentifierLiteral.swift */; };
		3E83B13229FBD5D90015A7E0 /* SegmentedButtonsView.swift in Sources */ = {isa = PBXBuildFile; fileRef = 3E83B13129FBD5D90015A7E0 /* SegmentedButtonsView.swift */; };
		3E83B15F29FC080C0015A7E0 /* SegmentedButton.swift in Sources */ = {isa = PBXBuildFile; fileRef = 3E83B15E29FC080C0015A7E0 /* SegmentedButton.swift */; };
		3E83B16529FE568D0015A7E0 /* UIScrollView+Extension.swift in Sources */ = {isa = PBXBuildFile; fileRef = 3E83B16429FE568D0015A7E0 /* UIScrollView+Extension.swift */; };
		3E83B1692A002ED40015A7E0 /* CommonContentCollectionView.swift in Sources */ = {isa = PBXBuildFile; fileRef = 3E83B1682A002ED40015A7E0 /* CommonContentCollectionView.swift */; };
		3E83B16B2A002F280015A7E0 /* CommonContentCollectionViewCell.swift in Sources */ = {isa = PBXBuildFile; fileRef = 3E83B16A2A002F280015A7E0 /* CommonContentCollectionViewCell.swift */; };
		3E83B16D2A002FAF0015A7E0 /* BaseCollectionViewCell.swift in Sources */ = {isa = PBXBuildFile; fileRef = 3E83B16C2A002FAF0015A7E0 /* BaseCollectionViewCell.swift */; };
		3E83B16F2A0030940015A7E0 /* BaseTableViewCell.swift in Sources */ = {isa = PBXBuildFile; fileRef = 3E83B16E2A0030940015A7E0 /* BaseTableViewCell.swift */; };
		3E83B1752A003C9D0015A7E0 /* DummyColor.swift in Sources */ = {isa = PBXBuildFile; fileRef = 3E83B1742A003C9D0015A7E0 /* DummyColor.swift */; };
		3E83B1782A003D4E0015A7E0 /* LargeContentCollectionView.swift in Sources */ = {isa = PBXBuildFile; fileRef = 3E83B1772A003D4E0015A7E0 /* LargeContentCollectionView.swift */; };
		3E83B17A2A00A1610015A7E0 /* LargeContentCollectionViewCell.swift in Sources */ = {isa = PBXBuildFile; fileRef = 3E83B1792A00A1610015A7E0 /* LargeContentCollectionViewCell.swift */; };
		3E83B1812A016C2B0015A7E0 /* LiveView.swift in Sources */ = {isa = PBXBuildFile; fileRef = 3E83B1802A016C2B0015A7E0 /* LiveView.swift */; };
		3E83B1842A016C660015A7E0 /* TVView.swift in Sources */ = {isa = PBXBuildFile; fileRef = 3E83B1832A016C660015A7E0 /* TVView.swift */; };
		3E83B1872A016C740015A7E0 /* MovieView.swift in Sources */ = {isa = PBXBuildFile; fileRef = 3E83B1862A016C740015A7E0 /* MovieView.swift */; };
		3E83B18A2A016C810015A7E0 /* ParamountView.swift in Sources */ = {isa = PBXBuildFile; fileRef = 3E83B1892A016C810015A7E0 /* ParamountView.swift */; };
		3E83B18D2A016C8F0015A7E0 /* KidsView.swift in Sources */ = {isa = PBXBuildFile; fileRef = 3E83B18C2A016C8F0015A7E0 /* KidsView.swift */; };
		3E83B18F2A016CB60015A7E0 /* MainViewController.swift in Sources */ = {isa = PBXBuildFile; fileRef = 3E83B18E2A016CB60015A7E0 /* MainViewController.swift */; };
		3E83B1912A016CC10015A7E0 /* LiveViewController.swift in Sources */ = {isa = PBXBuildFile; fileRef = 3E83B1902A016CC10015A7E0 /* LiveViewController.swift */; };
		3E83B1932A016CD60015A7E0 /* TVViewController.swift in Sources */ = {isa = PBXBuildFile; fileRef = 3E83B1922A016CD60015A7E0 /* TVViewController.swift */; };
		3E83B1952A016CDF0015A7E0 /* MovieViewController.swift in Sources */ = {isa = PBXBuildFile; fileRef = 3E83B1942A016CDF0015A7E0 /* MovieViewController.swift */; };
		3E83B1972A016CF00015A7E0 /* ParamountViewController.swift in Sources */ = {isa = PBXBuildFile; fileRef = 3E83B1962A016CF00015A7E0 /* ParamountViewController.swift */; };
		3E83B1992A016CFD0015A7E0 /* KidsViewController.swift in Sources */ = {isa = PBXBuildFile; fileRef = 3E83B1982A016CFD0015A7E0 /* KidsViewController.swift */; };
		3E83B19F2A022DEA0015A7E0 /* SmallContentCollectionView.swift in Sources */ = {isa = PBXBuildFile; fileRef = 3E83B19E2A022DEA0015A7E0 /* SmallContentCollectionView.swift */; };
		3EF53CEE29ED80850076FA7A /* UIView+Extension.swift in Sources */ = {isa = PBXBuildFile; fileRef = 3EF53CED29ED80850076FA7A /* UIView+Extension.swift */; };
		3EF790B629E678D00052578E /* AppDelegate.swift in Sources */ = {isa = PBXBuildFile; fileRef = 3EF790B529E678D00052578E /* AppDelegate.swift */; };
		3EF790B829E678D00052578E /* SceneDelegate.swift in Sources */ = {isa = PBXBuildFile; fileRef = 3EF790B729E678D00052578E /* SceneDelegate.swift */; };
		3EF790BF29E678D10052578E /* Assets.xcassets in Resources */ = {isa = PBXBuildFile; fileRef = 3EF790BE29E678D10052578E /* Assets.xcassets */; };
		3EF790C229E678D10052578E /* LaunchScreen.storyboard in Resources */ = {isa = PBXBuildFile; fileRef = 3EF790C029E678D10052578E /* LaunchScreen.storyboard */; };
		3EF790CA29E678F40052578E /* LoginViewController.swift in Sources */ = {isa = PBXBuildFile; fileRef = 3EF790C929E678F40052578E /* LoginViewController.swift */; };
		3EF790CD29E679B40052578E /* SnapKit in Frameworks */ = {isa = PBXBuildFile; productRef = 3EF790CC29E679B40052578E /* SnapKit */; };
		3EF790D729E67B430052578E /* CustomTextField.swift in Sources */ = {isa = PBXBuildFile; fileRef = 3EF790D629E67B430052578E /* CustomTextField.swift */; };
		3EF790D929E67C5E0052578E /* UIColor+Extension.swift in Sources */ = {isa = PBXBuildFile; fileRef = 3EF790D829E67C5E0052578E /* UIColor+Extension.swift */; };
		3EF790DC29E67E140052578E /* BaseViewController.swift in Sources */ = {isa = PBXBuildFile; fileRef = 3EF790DB29E67E140052578E /* BaseViewController.swift */; };
		3EF790DE29E6801C0052578E /* UIViewController+Extension.swift in Sources */ = {isa = PBXBuildFile; fileRef = 3EF790DD29E6801C0052578E /* UIViewController+Extension.swift */; };
		3EF790E129E687F40052578E /* ImageLiteral.swift in Sources */ = {isa = PBXBuildFile; fileRef = 3EF790E029E687F40052578E /* ImageLiteral.swift */; };
		3EF790E629E6FB970052578E /* Inject in Frameworks */ = {isa = PBXBuildFile; productRef = 3EF790E529E6FB970052578E /* Inject */; };
		3EF790F129E70AC50052578E /* Pretendard-Thin.otf in Resources */ = {isa = PBXBuildFile; fileRef = 3EF790E829E70AC40052578E /* Pretendard-Thin.otf */; };
		3EF790F229E70AC50052578E /* Pretendard-ExtraBold.otf in Resources */ = {isa = PBXBuildFile; fileRef = 3EF790E929E70AC40052578E /* Pretendard-ExtraBold.otf */; };
		3EF790F329E70AC50052578E /* Pretendard-ExtraLight.otf in Resources */ = {isa = PBXBuildFile; fileRef = 3EF790EA29E70AC40052578E /* Pretendard-ExtraLight.otf */; };
		3EF790F429E70AC50052578E /* Pretendard-SemiBold.otf in Resources */ = {isa = PBXBuildFile; fileRef = 3EF790EB29E70AC40052578E /* Pretendard-SemiBold.otf */; };
		3EF790F529E70AC50052578E /* Pretendard-Bold.otf in Resources */ = {isa = PBXBuildFile; fileRef = 3EF790EC29E70AC40052578E /* Pretendard-Bold.otf */; };
		3EF790F629E70AC50052578E /* Pretendard-Black.otf in Resources */ = {isa = PBXBuildFile; fileRef = 3EF790ED29E70AC50052578E /* Pretendard-Black.otf */; };
		3EF790F729E70AC50052578E /* Pretendard-Medium.otf in Resources */ = {isa = PBXBuildFile; fileRef = 3EF790EE29E70AC50052578E /* Pretendard-Medium.otf */; };
		3EF790F829E70AC50052578E /* Pretendard-Light.otf in Resources */ = {isa = PBXBuildFile; fileRef = 3EF790EF29E70AC50052578E /* Pretendard-Light.otf */; };
		3EF790F929E70AC50052578E /* Pretendard-Regular.otf in Resources */ = {isa = PBXBuildFile; fileRef = 3EF790F029E70AC50052578E /* Pretendard-Regular.otf */; };
		3EF790FB29E70BB80052578E /* UIFont+Extension.swift in Sources */ = {isa = PBXBuildFile; fileRef = 3EF790FA29E70BB80052578E /* UIFont+Extension.swift */; };
		3EF790FD29E710EE0052578E /* CustomButton.swift in Sources */ = {isa = PBXBuildFile; fileRef = 3EF790FC29E710ED0052578E /* CustomButton.swift */; };
		3EF7910129E865B20052578E /* String+Extension.swift in Sources */ = {isa = PBXBuildFile; fileRef = 3EF7910029E865B20052578E /* String+Extension.swift */; };
		3EF7910429E868490052578E /* LoginCompleteViewController.swift in Sources */ = {isa = PBXBuildFile; fileRef = 3EF7910329E868490052578E /* LoginCompleteViewController.swift */; };
		3EF7910629E86FAE0052578E /* BackButton.swift in Sources */ = {isa = PBXBuildFile; fileRef = 3EF7910529E86FAE0052578E /* BackButton.swift */; };
		3EF7910929E8768D0052578E /* CreateAccountViewController.swift in Sources */ = {isa = PBXBuildFile; fileRef = 3EF7910829E8768D0052578E /* CreateAccountViewController.swift */; };
/* End PBXBuildFile section */

/* Begin PBXFileReference section */
		3E5A9CD82A041B4000939718 /* CustomTabBar.swift */ = {isa = PBXFileReference; lastKnownFileType = sourcecode.swift; path = CustomTabBar.swift; sourceTree = "<group>"; };
		3E5A9CDD2A04258F00939718 /* BeforeReleaseViewController.swift */ = {isa = PBXFileReference; lastKnownFileType = sourcecode.swift; path = BeforeReleaseViewController.swift; sourceTree = "<group>"; };
		3E5A9CDF2A04259A00939718 /* SearchViewController.swift */ = {isa = PBXFileReference; lastKnownFileType = sourcecode.swift; path = SearchViewController.swift; sourceTree = "<group>"; };
		3E5A9CE12A0425A200939718 /* RecordViewController.swift */ = {isa = PBXFileReference; lastKnownFileType = sourcecode.swift; path = RecordViewController.swift; sourceTree = "<group>"; };
		3E5A9CE62A04261A00939718 /* BeforeReleaseView.swift */ = {isa = PBXFileReference; lastKnownFileType = sourcecode.swift; path = BeforeReleaseView.swift; sourceTree = "<group>"; };
		3E5A9CE82A0426B200939718 /* SearchView.swift */ = {isa = PBXFileReference; lastKnownFileType = sourcecode.swift; path = SearchView.swift; sourceTree = "<group>"; };
		3E5A9CEA2A042AF900939718 /* RecordView.swift */ = {isa = PBXFileReference; lastKnownFileType = sourcecode.swift; path = RecordView.swift; sourceTree = "<group>"; };
		3E5A9CED2A042E8200939718 /* CustomTabBarController.swift */ = {isa = PBXFileReference; lastKnownFileType = sourcecode.swift; path = CustomTabBarController.swift; sourceTree = "<group>"; };
		3E83B0EF29F7A2350015A7E0 /* CreateAccountView.swift */ = {isa = PBXFileReference; lastKnownFileType = sourcecode.swift; path = CreateAccountView.swift; sourceTree = "<group>"; };
		3E83B0F129F7A2650015A7E0 /* BaseView.swift */ = {isa = PBXFileReference; lastKnownFileType = sourcecode.swift; path = BaseView.swift; sourceTree = "<group>"; };
		3E83B0F529F7ABCE0015A7E0 /* LoginView.swift */ = {isa = PBXFileReference; lastKnownFileType = sourcecode.swift; path = LoginView.swift; sourceTree = "<group>"; };
		3E83B0F729F7ABE70015A7E0 /* LoginCompleteView.swift */ = {isa = PBXFileReference; lastKnownFileType = sourcecode.swift; path = LoginCompleteView.swift; sourceTree = "<group>"; };
		3E83B0FB29F82E670015A7E0 /* MyPageView.swift */ = {isa = PBXFileReference; lastKnownFileType = sourcecode.swift; path = MyPageView.swift; sourceTree = "<group>"; };
		3E83B0FD29F82E970015A7E0 /* MyPageViewController.swift */ = {isa = PBXFileReference; lastKnownFileType = sourcecode.swift; path = MyPageViewController.swift; sourceTree = "<group>"; };
		3E83B0FF29F8314E0015A7E0 /* SizeLiteral.swift */ = {isa = PBXFileReference; lastKnownFileType = sourcecode.swift; path = SizeLiteral.swift; sourceTree = "<group>"; };
		3E83B10329F8338E0015A7E0 /* HomeView.swift */ = {isa = PBXFileReference; lastKnownFileType = sourcecode.swift; path = HomeView.swift; sourceTree = "<group>"; };
		3E83B10529F834190015A7E0 /* HomeViewController.swift */ = {isa = PBXFileReference; lastKnownFileType = sourcecode.swift; path = HomeViewController.swift; sourceTree = "<group>"; };
		3E83B10929F8F49D0015A7E0 /* TextLiteral.swift */ = {isa = PBXFileReference; lastKnownFileType = sourcecode.swift; path = TextLiteral.swift; sourceTree = "<group>"; };
		3E83B10B29F8FE050015A7E0 /* SettingTableView.swift */ = {isa = PBXFileReference; lastKnownFileType = sourcecode.swift; path = SettingTableView.swift; sourceTree = "<group>"; };
		3E83B10D29F8FE1F0015A7E0 /* SettingTableViewCell.swift */ = {isa = PBXFileReference; lastKnownFileType = sourcecode.swift; path = SettingTableViewCell.swift; sourceTree = "<group>"; };
		3E83B11029F9472B0015A7E0 /* MyPageHeaderView.swift */ = {isa = PBXFileReference; lastKnownFileType = sourcecode.swift; path = MyPageHeaderView.swift; sourceTree = "<group>"; };
		3E83B11529F98B230015A7E0 /* MovieModel.swift */ = {isa = PBXFileReference; lastKnownFileType = sourcecode.swift; path = MovieModel.swift; sourceTree = "<group>"; };
		3E83B12129FAABC70015A7E0 /* SettingTableViewFooter.swift */ = {isa = PBXFileReference; lastKnownFileType = sourcecode.swift; path = SettingTableViewFooter.swift; sourceTree = "<group>"; };
		3E83B12329FAEC5B0015A7E0 /* IconButton.swift */ = {isa = PBXFileReference; lastKnownFileType = sourcecode.swift; path = IconButton.swift; sourceTree = "<group>"; };
		3E83B12A29FBBDDC0015A7E0 /* PageControlCollectionView.swift */ = {isa = PBXFileReference; lastKnownFileType = sourcecode.swift; path = PageControlCollectionView.swift; sourceTree = "<group>"; };
		3E83B12D29FBBF000015A7E0 /* PageControlCollectionViewCell.swift */ = {isa = PBXFileReference; lastKnownFileType = sourcecode.swift; path = PageControlCollectionViewCell.swift; sourceTree = "<group>"; };
		3E83B12F29FBC2E70015A7E0 /* IdentifierLiteral.swift */ = {isa = PBXFileReference; lastKnownFileType = sourcecode.swift; path = IdentifierLiteral.swift; sourceTree = "<group>"; };
		3E83B13129FBD5D90015A7E0 /* SegmentedButtonsView.swift */ = {isa = PBXFileReference; lastKnownFileType = sourcecode.swift; path = SegmentedButtonsView.swift; sourceTree = "<group>"; };
		3E83B15E29FC080C0015A7E0 /* SegmentedButton.swift */ = {isa = PBXFileReference; lastKnownFileType = sourcecode.swift; path = SegmentedButton.swift; sourceTree = "<group>"; };
		3E83B16429FE568D0015A7E0 /* UIScrollView+Extension.swift */ = {isa = PBXFileReference; lastKnownFileType = sourcecode.swift; path = "UIScrollView+Extension.swift"; sourceTree = "<group>"; };
		3E83B1682A002ED40015A7E0 /* CommonContentCollectionView.swift */ = {isa = PBXFileReference; lastKnownFileType = sourcecode.swift; path = CommonContentCollectionView.swift; sourceTree = "<group>"; };
		3E83B16A2A002F280015A7E0 /* CommonContentCollectionViewCell.swift */ = {isa = PBXFileReference; lastKnownFileType = sourcecode.swift; path = CommonContentCollectionViewCell.swift; sourceTree = "<group>"; };
		3E83B16C2A002FAF0015A7E0 /* BaseCollectionViewCell.swift */ = {isa = PBXFileReference; lastKnownFileType = sourcecode.swift; path = BaseCollectionViewCell.swift; sourceTree = "<group>"; };
		3E83B16E2A0030940015A7E0 /* BaseTableViewCell.swift */ = {isa = PBXFileReference; lastKnownFileType = sourcecode.swift; path = BaseTableViewCell.swift; sourceTree = "<group>"; };
		3E83B1742A003C9D0015A7E0 /* DummyColor.swift */ = {isa = PBXFileReference; lastKnownFileType = sourcecode.swift; path = DummyColor.swift; sourceTree = "<group>"; };
		3E83B1772A003D4E0015A7E0 /* LargeContentCollectionView.swift */ = {isa = PBXFileReference; lastKnownFileType = sourcecode.swift; path = LargeContentCollectionView.swift; sourceTree = "<group>"; };
		3E83B1792A00A1610015A7E0 /* LargeContentCollectionViewCell.swift */ = {isa = PBXFileReference; lastKnownFileType = sourcecode.swift; path = LargeContentCollectionViewCell.swift; sourceTree = "<group>"; };
		3E83B1802A016C2B0015A7E0 /* LiveView.swift */ = {isa = PBXFileReference; lastKnownFileType = sourcecode.swift; path = LiveView.swift; sourceTree = "<group>"; };
		3E83B1832A016C660015A7E0 /* TVView.swift */ = {isa = PBXFileReference; lastKnownFileType = sourcecode.swift; path = TVView.swift; sourceTree = "<group>"; };
		3E83B1862A016C740015A7E0 /* MovieView.swift */ = {isa = PBXFileReference; lastKnownFileType = sourcecode.swift; path = MovieView.swift; sourceTree = "<group>"; };
		3E83B1892A016C810015A7E0 /* ParamountView.swift */ = {isa = PBXFileReference; lastKnownFileType = sourcecode.swift; path = ParamountView.swift; sourceTree = "<group>"; };
		3E83B18C2A016C8F0015A7E0 /* KidsView.swift */ = {isa = PBXFileReference; lastKnownFileType = sourcecode.swift; path = KidsView.swift; sourceTree = "<group>"; };
		3E83B18E2A016CB60015A7E0 /* MainViewController.swift */ = {isa = PBXFileReference; lastKnownFileType = sourcecode.swift; path = MainViewController.swift; sourceTree = "<group>"; };
		3E83B1902A016CC10015A7E0 /* LiveViewController.swift */ = {isa = PBXFileReference; lastKnownFileType = sourcecode.swift; path = LiveViewController.swift; sourceTree = "<group>"; };
		3E83B1922A016CD60015A7E0 /* TVViewController.swift */ = {isa = PBXFileReference; lastKnownFileType = sourcecode.swift; path = TVViewController.swift; sourceTree = "<group>"; };
		3E83B1942A016CDF0015A7E0 /* MovieViewController.swift */ = {isa = PBXFileReference; lastKnownFileType = sourcecode.swift; path = MovieViewController.swift; sourceTree = "<group>"; };
		3E83B1962A016CF00015A7E0 /* ParamountViewController.swift */ = {isa = PBXFileReference; lastKnownFileType = sourcecode.swift; path = ParamountViewController.swift; sourceTree = "<group>"; };
		3E83B1982A016CFD0015A7E0 /* KidsViewController.swift */ = {isa = PBXFileReference; lastKnownFileType = sourcecode.swift; path = KidsViewController.swift; sourceTree = "<group>"; };
		3E83B19E2A022DEA0015A7E0 /* SmallContentCollectionView.swift */ = {isa = PBXFileReference; lastKnownFileType = sourcecode.swift; path = SmallContentCollectionView.swift; sourceTree = "<group>"; };
		3EF53CED29ED80850076FA7A /* UIView+Extension.swift */ = {isa = PBXFileReference; lastKnownFileType = sourcecode.swift; path = "UIView+Extension.swift"; sourceTree = "<group>"; };
		3EF790B229E678D00052578E /* Assingment_Tving.app */ = {isa = PBXFileReference; explicitFileType = wrapper.application; includeInIndex = 0; path = Assingment_Tving.app; sourceTree = BUILT_PRODUCTS_DIR; };
		3EF790B529E678D00052578E /* AppDelegate.swift */ = {isa = PBXFileReference; lastKnownFileType = sourcecode.swift; path = AppDelegate.swift; sourceTree = "<group>"; };
		3EF790B729E678D00052578E /* SceneDelegate.swift */ = {isa = PBXFileReference; lastKnownFileType = sourcecode.swift; path = SceneDelegate.swift; sourceTree = "<group>"; };
		3EF790BE29E678D10052578E /* Assets.xcassets */ = {isa = PBXFileReference; lastKnownFileType = folder.assetcatalog; path = Assets.xcassets; sourceTree = "<group>"; };
		3EF790C129E678D10052578E /* Base */ = {isa = PBXFileReference; lastKnownFileType = file.storyboard; name = Base; path = Base.lproj/LaunchScreen.storyboard; sourceTree = "<group>"; };
		3EF790C329E678D10052578E /* Info.plist */ = {isa = PBXFileReference; lastKnownFileType = text.plist.xml; path = Info.plist; sourceTree = "<group>"; };
		3EF790C929E678F40052578E /* LoginViewController.swift */ = {isa = PBXFileReference; lastKnownFileType = sourcecode.swift; path = LoginViewController.swift; sourceTree = "<group>"; };
		3EF790D629E67B430052578E /* CustomTextField.swift */ = {isa = PBXFileReference; lastKnownFileType = sourcecode.swift; path = CustomTextField.swift; sourceTree = "<group>"; };
		3EF790D829E67C5E0052578E /* UIColor+Extension.swift */ = {isa = PBXFileReference; lastKnownFileType = sourcecode.swift; path = "UIColor+Extension.swift"; sourceTree = "<group>"; };
		3EF790DB29E67E140052578E /* BaseViewController.swift */ = {isa = PBXFileReference; lastKnownFileType = sourcecode.swift; path = BaseViewController.swift; sourceTree = "<group>"; };
		3EF790DD29E6801C0052578E /* UIViewController+Extension.swift */ = {isa = PBXFileReference; lastKnownFileType = sourcecode.swift; path = "UIViewController+Extension.swift"; sourceTree = "<group>"; };
		3EF790E029E687F40052578E /* ImageLiteral.swift */ = {isa = PBXFileReference; lastKnownFileType = sourcecode.swift; path = ImageLiteral.swift; sourceTree = "<group>"; };
		3EF790E829E70AC40052578E /* Pretendard-Thin.otf */ = {isa = PBXFileReference; lastKnownFileType = file; path = "Pretendard-Thin.otf"; sourceTree = "<group>"; };
		3EF790E929E70AC40052578E /* Pretendard-ExtraBold.otf */ = {isa = PBXFileReference; lastKnownFileType = file; path = "Pretendard-ExtraBold.otf"; sourceTree = "<group>"; };
		3EF790EA29E70AC40052578E /* Pretendard-ExtraLight.otf */ = {isa = PBXFileReference; lastKnownFileType = file; path = "Pretendard-ExtraLight.otf"; sourceTree = "<group>"; };
		3EF790EB29E70AC40052578E /* Pretendard-SemiBold.otf */ = {isa = PBXFileReference; lastKnownFileType = file; path = "Pretendard-SemiBold.otf"; sourceTree = "<group>"; };
		3EF790EC29E70AC40052578E /* Pretendard-Bold.otf */ = {isa = PBXFileReference; lastKnownFileType = file; path = "Pretendard-Bold.otf"; sourceTree = "<group>"; };
		3EF790ED29E70AC50052578E /* Pretendard-Black.otf */ = {isa = PBXFileReference; lastKnownFileType = file; path = "Pretendard-Black.otf"; sourceTree = "<group>"; };
		3EF790EE29E70AC50052578E /* Pretendard-Medium.otf */ = {isa = PBXFileReference; lastKnownFileType = file; path = "Pretendard-Medium.otf"; sourceTree = "<group>"; };
		3EF790EF29E70AC50052578E /* Pretendard-Light.otf */ = {isa = PBXFileReference; lastKnownFileType = file; path = "Pretendard-Light.otf"; sourceTree = "<group>"; };
		3EF790F029E70AC50052578E /* Pretendard-Regular.otf */ = {isa = PBXFileReference; lastKnownFileType = file; path = "Pretendard-Regular.otf"; sourceTree = "<group>"; };
		3EF790FA29E70BB80052578E /* UIFont+Extension.swift */ = {isa = PBXFileReference; lastKnownFileType = sourcecode.swift; path = "UIFont+Extension.swift"; sourceTree = "<group>"; };
		3EF790FC29E710ED0052578E /* CustomButton.swift */ = {isa = PBXFileReference; lastKnownFileType = sourcecode.swift; path = CustomButton.swift; sourceTree = "<group>"; };
		3EF7910029E865B20052578E /* String+Extension.swift */ = {isa = PBXFileReference; lastKnownFileType = sourcecode.swift; path = "String+Extension.swift"; sourceTree = "<group>"; };
		3EF7910329E868490052578E /* LoginCompleteViewController.swift */ = {isa = PBXFileReference; lastKnownFileType = sourcecode.swift; path = LoginCompleteViewController.swift; sourceTree = "<group>"; };
		3EF7910529E86FAE0052578E /* BackButton.swift */ = {isa = PBXFileReference; lastKnownFileType = sourcecode.swift; path = BackButton.swift; sourceTree = "<group>"; };
		3EF7910829E8768D0052578E /* CreateAccountViewController.swift */ = {isa = PBXFileReference; lastKnownFileType = sourcecode.swift; path = CreateAccountViewController.swift; sourceTree = "<group>"; };
/* End PBXFileReference section */

/* Begin PBXFrameworksBuildPhase section */
		3EF790AF29E678D00052578E /* Frameworks */ = {
			isa = PBXFrameworksBuildPhase;
			buildActionMask = 2147483647;
			files = (
				3EF790CD29E679B40052578E /* SnapKit in Frameworks */,
				3EF790E629E6FB970052578E /* Inject in Frameworks */,
			);
			runOnlyForDeploymentPostprocessing = 0;
		};
/* End PBXFrameworksBuildPhase section */

/* Begin PBXGroup section */
		3E5A9CDA2A04256400939718 /* BeforeRelease */ = {
			isa = PBXGroup;
			children = (
				3E5A9CDD2A04258F00939718 /* BeforeReleaseViewController.swift */,
			);
			path = BeforeRelease;
			sourceTree = "<group>";
		};
		3E5A9CDB2A04256F00939718 /* Search */ = {
			isa = PBXGroup;
			children = (
				3E5A9CDF2A04259A00939718 /* SearchViewController.swift */,
			);
			path = Search;
			sourceTree = "<group>";
		};
		3E5A9CDC2A04257700939718 /* Record */ = {
			isa = PBXGroup;
			children = (
				3E5A9CE12A0425A200939718 /* RecordViewController.swift */,
			);
			path = Record;
			sourceTree = "<group>";
		};
		3E5A9CE32A0425E500939718 /* BeforeRelease */ = {
			isa = PBXGroup;
			children = (
				3E5A9CE62A04261A00939718 /* BeforeReleaseView.swift */,
			);
			path = BeforeRelease;
			sourceTree = "<group>";
		};
		3E5A9CE42A0425F100939718 /* Search */ = {
			isa = PBXGroup;
			children = (
				3E5A9CE82A0426B200939718 /* SearchView.swift */,
			);
			path = Search;
			sourceTree = "<group>";
		};
		3E5A9CE52A0425F800939718 /* Record */ = {
			isa = PBXGroup;
			children = (
				3E5A9CEA2A042AF900939718 /* RecordView.swift */,
			);
			path = Record;
			sourceTree = "<group>";
		};
		3E5A9CEC2A042E7300939718 /* TabBar */ = {
			isa = PBXGroup;
			children = (
				3E5A9CD82A041B4000939718 /* CustomTabBar.swift */,
				3E5A9CED2A042E8200939718 /* CustomTabBarController.swift */,
			);
			path = TabBar;
			sourceTree = "<group>";
		};
		3E83B0EB29F7A1FF0015A7E0 /* View */ = {
			isa = PBXGroup;
			children = (
				3E83B0F429F7AB900015A7E0 /* Login */,
				3E83B10129F833790015A7E0 /* Main */,
				3E5A9CE32A0425E500939718 /* BeforeRelease */,
				3E5A9CE42A0425F100939718 /* Search */,
				3E5A9CE52A0425F800939718 /* Record */,
			);
			path = View;
			sourceTree = "<group>";
		};
		3E83B0EC29F7A2040015A7E0 /* ViewController */ = {
			isa = PBXGroup;
			children = (
				3E83B0EE29F7A2150015A7E0 /* Login */,
				3E83B10229F833810015A7E0 /* Main */,
				3E5A9CDA2A04256400939718 /* BeforeRelease */,
				3E5A9CDB2A04256F00939718 /* Search */,
				3E5A9CDC2A04257700939718 /* Record */,
			);
			path = ViewController;
			sourceTree = "<group>";
		};
		3E83B0ED29F7A20C0015A7E0 /* CreateAccount */ = {
			isa = PBXGroup;
			children = (
				3E83B0EF29F7A2350015A7E0 /* CreateAccountView.swift */,
			);
			path = CreateAccount;
			sourceTree = "<group>";
		};
		3E83B0EE29F7A2150015A7E0 /* Login */ = {
			isa = PBXGroup;
			children = (
				3E83B0F329F7AB7E0015A7E0 /* CreateAccount */,
				3EF790C929E678F40052578E /* LoginViewController.swift */,
				3EF7910329E868490052578E /* LoginCompleteViewController.swift */,
			);
			path = Login;
			sourceTree = "<group>";
		};
		3E83B0F329F7AB7E0015A7E0 /* CreateAccount */ = {
			isa = PBXGroup;
			children = (
				3EF7910829E8768D0052578E /* CreateAccountViewController.swift */,
			);
			path = CreateAccount;
			sourceTree = "<group>";
		};
		3E83B0F429F7AB900015A7E0 /* Login */ = {
			isa = PBXGroup;
			children = (
				3E83B0ED29F7A20C0015A7E0 /* CreateAccount */,
				3E83B0F529F7ABCE0015A7E0 /* LoginView.swift */,
				3E83B0F729F7ABE70015A7E0 /* LoginCompleteView.swift */,
			);
			path = Login;
			sourceTree = "<group>";
		};
		3E83B0F929F82E470015A7E0 /* MyPage */ = {
			isa = PBXGroup;
			children = (
				3E83B10F29F946F60015A7E0 /* SettingTableView */,
				3E83B11029F9472B0015A7E0 /* MyPageHeaderView.swift */,
				3E83B0FB29F82E670015A7E0 /* MyPageView.swift */,
			);
			path = MyPage;
			sourceTree = "<group>";
		};
		3E83B0FA29F82E4D0015A7E0 /* MyPage */ = {
			isa = PBXGroup;
			children = (
				3E83B0FD29F82E970015A7E0 /* MyPageViewController.swift */,
			);
			path = MyPage;
			sourceTree = "<group>";
		};
		3E83B10129F833790015A7E0 /* Main */ = {
			isa = PBXGroup;
			children = (
				3E83B0F929F82E470015A7E0 /* MyPage */,
				3E83B17E2A016C070015A7E0 /* Home */,
				3E83B17F2A016C1B0015A7E0 /* Live */,
				3E83B1822A016C330015A7E0 /* TV */,
				3E83B1852A016C690015A7E0 /* Movie */,
				3E83B1882A016C780015A7E0 /* Paramount */,
				3E83B18B2A016C850015A7E0 /* Kids */,
			);
			path = Main;
			sourceTree = "<group>";
		};
		3E83B10229F833810015A7E0 /* Main */ = {
			isa = PBXGroup;
			children = (
				3E83B0FA29F82E4D0015A7E0 /* MyPage */,
				3E83B18E2A016CB60015A7E0 /* MainViewController.swift */,
				3E83B10529F834190015A7E0 /* HomeViewController.swift */,
				3E83B1902A016CC10015A7E0 /* LiveViewController.swift */,
				3E83B1922A016CD60015A7E0 /* TVViewController.swift */,
				3E83B1942A016CDF0015A7E0 /* MovieViewController.swift */,
				3E83B1962A016CF00015A7E0 /* ParamountViewController.swift */,
				3E83B1982A016CFD0015A7E0 /* KidsViewController.swift */,
			);
			path = Main;
			sourceTree = "<group>";
		};
		3E83B10F29F946F60015A7E0 /* SettingTableView */ = {
			isa = PBXGroup;
			children = (
				3E83B10B29F8FE050015A7E0 /* SettingTableView.swift */,
				3E83B10D29F8FE1F0015A7E0 /* SettingTableViewCell.swift */,
				3E83B12129FAABC70015A7E0 /* SettingTableViewFooter.swift */,
			);
			path = SettingTableView;
			sourceTree = "<group>";
		};
		3E83B11429F98B140015A7E0 /* Model */ = {
			isa = PBXGroup;
			children = (
				3E83B11529F98B230015A7E0 /* MovieModel.swift */,
				3E83B1742A003C9D0015A7E0 /* DummyColor.swift */,
			);
			path = Model;
			sourceTree = "<group>";
		};
		3E83B12C29FBBEED0015A7E0 /* SegmentedControl */ = {
			isa = PBXGroup;
			children = (
				3E83B12A29FBBDDC0015A7E0 /* PageControlCollectionView.swift */,
				3E83B12D29FBBF000015A7E0 /* PageControlCollectionViewCell.swift */,
				3E83B13129FBD5D90015A7E0 /* SegmentedButtonsView.swift */,
				3E83B15E29FC080C0015A7E0 /* SegmentedButton.swift */,
			);
			path = SegmentedControl;
			sourceTree = "<group>";
		};
		3E83B1672A002DE80015A7E0 /* CommonCollection */ = {
			isa = PBXGroup;
			children = (
				3E83B1682A002ED40015A7E0 /* CommonContentCollectionView.swift */,
				3E83B16A2A002F280015A7E0 /* CommonContentCollectionViewCell.swift */,
			);
			path = CommonCollection;
			sourceTree = "<group>";
		};
		3E83B1762A003D330015A7E0 /* LargeCollection */ = {
			isa = PBXGroup;
			children = (
				3E83B1772A003D4E0015A7E0 /* LargeContentCollectionView.swift */,
				3E83B1792A00A1610015A7E0 /* LargeContentCollectionViewCell.swift */,
			);
			path = LargeCollection;
			sourceTree = "<group>";
		};
		3E83B17D2A0151AA0015A7E0 /* SmallCollection */ = {
			isa = PBXGroup;
			children = (
				3E83B19E2A022DEA0015A7E0 /* SmallContentCollectionView.swift */,
			);
			path = SmallCollection;
			sourceTree = "<group>";
		};
		3E83B17E2A016C070015A7E0 /* Home */ = {
			isa = PBXGroup;
			children = (
				3E83B10329F8338E0015A7E0 /* HomeView.swift */,
			);
			path = Home;
			sourceTree = "<group>";
		};
		3E83B17F2A016C1B0015A7E0 /* Live */ = {
			isa = PBXGroup;
			children = (
				3E83B1802A016C2B0015A7E0 /* LiveView.swift */,
			);
			path = Live;
			sourceTree = "<group>";
		};
		3E83B1822A016C330015A7E0 /* TV */ = {
			isa = PBXGroup;
			children = (
				3E83B1832A016C660015A7E0 /* TVView.swift */,
			);
			path = TV;
			sourceTree = "<group>";
		};
		3E83B1852A016C690015A7E0 /* Movie */ = {
			isa = PBXGroup;
			children = (
				3E83B1862A016C740015A7E0 /* MovieView.swift */,
			);
			path = Movie;
			sourceTree = "<group>";
		};
		3E83B1882A016C780015A7E0 /* Paramount */ = {
			isa = PBXGroup;
			children = (
				3E83B1892A016C810015A7E0 /* ParamountView.swift */,
			);
			path = Paramount;
			sourceTree = "<group>";
		};
		3E83B18B2A016C850015A7E0 /* Kids */ = {
			isa = PBXGroup;
			children = (
				3E83B18C2A016C8F0015A7E0 /* KidsView.swift */,
			);
			path = Kids;
			sourceTree = "<group>";
		};
		3E83B19D2A022DAB0015A7E0 /* ContentCollection */ = {
			isa = PBXGroup;
			children = (
				3E83B1672A002DE80015A7E0 /* CommonCollection */,
				3E83B1762A003D330015A7E0 /* LargeCollection */,
				3E83B17D2A0151AA0015A7E0 /* SmallCollection */,
			);
			path = ContentCollection;
			sourceTree = "<group>";
		};
		3EF790A929E678D00052578E = {
			isa = PBXGroup;
			children = (
				3EF790B429E678D00052578E /* Assingment_Tving */,
				3EF790B329E678D00052578E /* Products */,
			);
			sourceTree = "<group>";
		};
		3EF790B329E678D00052578E /* Products */ = {
			isa = PBXGroup;
			children = (
				3EF790B229E678D00052578E /* Assingment_Tving.app */,
			);
			name = Products;
			sourceTree = "<group>";
		};
		3EF790B429E678D00052578E /* Assingment_Tving */ = {
			isa = PBXGroup;
			children = (
				3E83B11429F98B140015A7E0 /* Model */,
				3EF790CE29E67A940052578E /* Screen */,
				3EF790CF29E67A990052578E /* Global */,
			);
			path = Assingment_Tving;
			sourceTree = "<group>";
		};
		3EF790CE29E67A940052578E /* Screen */ = {
			isa = PBXGroup;
			children = (
				3E83B0EB29F7A1FF0015A7E0 /* View */,
				3E83B0EC29F7A2040015A7E0 /* ViewController */,
				3EF790C029E678D10052578E /* LaunchScreen.storyboard */,
			);
			path = Screen;
			sourceTree = "<group>";
		};
		3EF790CF29E67A990052578E /* Global */ = {
			isa = PBXGroup;
			children = (
				3EF790DF29E687EC0052578E /* Literal */,
				3EF790DA29E67E020052578E /* Base */,
				3EF790D029E67AA30052578E /* UIComponents */,
				3EF790D129E67AAC0052578E /* Extensions */,
				3EF790D329E67AD40052578E /* Resources */,
				3EF790D229E67ACF0052578E /* Supports */,
			);
			path = Global;
			sourceTree = "<group>";
		};
		3EF790D029E67AA30052578E /* UIComponents */ = {
			isa = PBXGroup;
			children = (
				3E5A9CEC2A042E7300939718 /* TabBar */,
				3E83B19D2A022DAB0015A7E0 /* ContentCollection */,
				3E83B12C29FBBEED0015A7E0 /* SegmentedControl */,
				3EF790D629E67B430052578E /* CustomTextField.swift */,
				3EF790FC29E710ED0052578E /* CustomButton.swift */,
				3EF7910529E86FAE0052578E /* BackButton.swift */,
				3E83B12329FAEC5B0015A7E0 /* IconButton.swift */,
			);
			path = UIComponents;
			sourceTree = "<group>";
		};
		3EF790D129E67AAC0052578E /* Extensions */ = {
			isa = PBXGroup;
			children = (
				3EF790D829E67C5E0052578E /* UIColor+Extension.swift */,
				3EF790DD29E6801C0052578E /* UIViewController+Extension.swift */,
				3EF790FA29E70BB80052578E /* UIFont+Extension.swift */,
				3EF7910029E865B20052578E /* String+Extension.swift */,
				3EF53CED29ED80850076FA7A /* UIView+Extension.swift */,
				3E83B16429FE568D0015A7E0 /* UIScrollView+Extension.swift */,
			);
			path = Extensions;
			sourceTree = "<group>";
		};
		3EF790D229E67ACF0052578E /* Supports */ = {
			isa = PBXGroup;
			children = (
				3EF790C329E678D10052578E /* Info.plist */,
				3EF790B529E678D00052578E /* AppDelegate.swift */,
				3EF790B729E678D00052578E /* SceneDelegate.swift */,
			);
			path = Supports;
			sourceTree = "<group>";
		};
		3EF790D329E67AD40052578E /* Resources */ = {
			isa = PBXGroup;
			children = (
				3EF790BE29E678D10052578E /* Assets.xcassets */,
			);
			path = Resources;
			sourceTree = "<group>";
		};
		3EF790DA29E67E020052578E /* Base */ = {
			isa = PBXGroup;
			children = (
				3EF790DB29E67E140052578E /* BaseViewController.swift */,
				3E83B0F129F7A2650015A7E0 /* BaseView.swift */,
				3E83B16C2A002FAF0015A7E0 /* BaseCollectionViewCell.swift */,
				3E83B16E2A0030940015A7E0 /* BaseTableViewCell.swift */,
			);
			path = Base;
			sourceTree = "<group>";
		};
		3EF790DF29E687EC0052578E /* Literal */ = {
			isa = PBXGroup;
			children = (
				3EF790E729E70A850052578E /* Font */,
				3EF790E029E687F40052578E /* ImageLiteral.swift */,
				3E83B0FF29F8314E0015A7E0 /* SizeLiteral.swift */,
				3E83B10929F8F49D0015A7E0 /* TextLiteral.swift */,
				3E83B12F29FBC2E70015A7E0 /* IdentifierLiteral.swift */,
			);
			path = Literal;
			sourceTree = "<group>";
		};
		3EF790E729E70A850052578E /* Font */ = {
			isa = PBXGroup;
			children = (
				3EF790ED29E70AC50052578E /* Pretendard-Black.otf */,
				3EF790EC29E70AC40052578E /* Pretendard-Bold.otf */,
				3EF790E929E70AC40052578E /* Pretendard-ExtraBold.otf */,
				3EF790EA29E70AC40052578E /* Pretendard-ExtraLight.otf */,
				3EF790EF29E70AC50052578E /* Pretendard-Light.otf */,
				3EF790EE29E70AC50052578E /* Pretendard-Medium.otf */,
				3EF790F029E70AC50052578E /* Pretendard-Regular.otf */,
				3EF790EB29E70AC40052578E /* Pretendard-SemiBold.otf */,
				3EF790E829E70AC40052578E /* Pretendard-Thin.otf */,
			);
			path = Font;
			sourceTree = "<group>";
		};
/* End PBXGroup section */

/* Begin PBXNativeTarget section */
		3EF790B129E678D00052578E /* Assingment_Tving */ = {
			isa = PBXNativeTarget;
			buildConfigurationList = 3EF790C629E678D10052578E /* Build configuration list for PBXNativeTarget "Assingment_Tving" */;
			buildPhases = (
				3EF790AE29E678D00052578E /* Sources */,
				3EF790AF29E678D00052578E /* Frameworks */,
				3EF790B029E678D00052578E /* Resources */,
			);
			buildRules = (
			);
			dependencies = (
			);
			name = Assingment_Tving;
			packageProductDependencies = (
				3EF790CC29E679B40052578E /* SnapKit */,
				3EF790E529E6FB970052578E /* Inject */,
			);
			productName = Assingment_Tving;
			productReference = 3EF790B229E678D00052578E /* Assingment_Tving.app */;
			productType = "com.apple.product-type.application";
		};
/* End PBXNativeTarget section */

/* Begin PBXProject section */
		3EF790AA29E678D00052578E /* Project object */ = {
			isa = PBXProject;
			attributes = {
				BuildIndependentTargetsInParallel = 1;
				LastSwiftUpdateCheck = 1430;
				LastUpgradeCheck = 1430;
				TargetAttributes = {
					3EF790B129E678D00052578E = {
						CreatedOnToolsVersion = 14.3;
					};
				};
			};
			buildConfigurationList = 3EF790AD29E678D00052578E /* Build configuration list for PBXProject "Assingment_Tving" */;
			compatibilityVersion = "Xcode 14.0";
			developmentRegion = en;
			hasScannedForEncodings = 0;
			knownRegions = (
				en,
				Base,
			);
			mainGroup = 3EF790A929E678D00052578E;
			packageReferences = (
				3EF790CB29E679B40052578E /* XCRemoteSwiftPackageReference "SnapKit" */,
				3EF790E429E6FB970052578E /* XCRemoteSwiftPackageReference "Inject" */,
			);
			productRefGroup = 3EF790B329E678D00052578E /* Products */;
			projectDirPath = "";
			projectRoot = "";
			targets = (
				3EF790B129E678D00052578E /* Assingment_Tving */,
			);
		};
/* End PBXProject section */

/* Begin PBXResourcesBuildPhase section */
		3EF790B029E678D00052578E /* Resources */ = {
			isa = PBXResourcesBuildPhase;
			buildActionMask = 2147483647;
			files = (
				3EF790F129E70AC50052578E /* Pretendard-Thin.otf in Resources */,
				3EF790C229E678D10052578E /* LaunchScreen.storyboard in Resources */,
				3EF790F529E70AC50052578E /* Pretendard-Bold.otf in Resources */,
				3EF790F829E70AC50052578E /* Pretendard-Light.otf in Resources */,
				3EF790F329E70AC50052578E /* Pretendard-ExtraLight.otf in Resources */,
				3EF790F429E70AC50052578E /* Pretendard-SemiBold.otf in Resources */,
				3EF790F229E70AC50052578E /* Pretendard-ExtraBold.otf in Resources */,
				3EF790F629E70AC50052578E /* Pretendard-Black.otf in Resources */,
				3EF790F929E70AC50052578E /* Pretendard-Regular.otf in Resources */,
				3EF790BF29E678D10052578E /* Assets.xcassets in Resources */,
				3EF790F729E70AC50052578E /* Pretendard-Medium.otf in Resources */,
			);
			runOnlyForDeploymentPostprocessing = 0;
		};
/* End PBXResourcesBuildPhase section */

/* Begin PBXSourcesBuildPhase section */
		3EF790AE29E678D00052578E /* Sources */ = {
			isa = PBXSourcesBuildPhase;
			buildActionMask = 2147483647;
			files = (
				3EF7910929E8768D0052578E /* CreateAccountViewController.swift in Sources */,
				3E83B11129F9472B0015A7E0 /* MyPageHeaderView.swift in Sources */,
				3E5A9CEE2A042E8200939718 /* CustomTabBarController.swift in Sources */,
				3EF790D729E67B430052578E /* CustomTextField.swift in Sources */,
				3E83B1782A003D4E0015A7E0 /* LargeContentCollectionView.swift in Sources */,
				3E83B10E29F8FE1F0015A7E0 /* SettingTableViewCell.swift in Sources */,
				3E5A9CE72A04261A00939718 /* BeforeReleaseView.swift in Sources */,
				3E83B10A29F8F49D0015A7E0 /* TextLiteral.swift in Sources */,
				3E83B1872A016C740015A7E0 /* MovieView.swift in Sources */,
				3E83B16529FE568D0015A7E0 /* UIScrollView+Extension.swift in Sources */,
				3EF7910129E865B20052578E /* String+Extension.swift in Sources */,
				3E5A9CEB2A042AF900939718 /* RecordView.swift in Sources */,
				3E5A9CDE2A04258F00939718 /* BeforeReleaseViewController.swift in Sources */,
				3E83B0F229F7A2650015A7E0 /* BaseView.swift in Sources */,
				3E83B1972A016CF00015A7E0 /* ParamountViewController.swift in Sources */,
				3E83B1992A016CFD0015A7E0 /* KidsViewController.swift in Sources */,
				3E83B1952A016CDF0015A7E0 /* MovieViewController.swift in Sources */,
				3E5A9CE02A04259A00939718 /* SearchViewController.swift in Sources */,
				3EF53CEE29ED80850076FA7A /* UIView+Extension.swift in Sources */,
				3E83B19F2A022DEA0015A7E0 /* SmallContentCollectionView.swift in Sources */,
				3EF7910429E868490052578E /* LoginCompleteViewController.swift in Sources */,
				3E83B10029F8314E0015A7E0 /* SizeLiteral.swift in Sources */,
				3EF790CA29E678F40052578E /* LoginViewController.swift in Sources */,
				3E83B1932A016CD60015A7E0 /* TVViewController.swift in Sources */,
				3EF790B629E678D00052578E /* AppDelegate.swift in Sources */,
				3E83B1842A016C660015A7E0 /* TVView.swift in Sources */,
				3E83B17A2A00A1610015A7E0 /* LargeContentCollectionViewCell.swift in Sources */,
				3E83B15F29FC080C0015A7E0 /* SegmentedButton.swift in Sources */,
				3EF790B829E678D00052578E /* SceneDelegate.swift in Sources */,
				3E83B12229FAABC70015A7E0 /* SettingTableViewFooter.swift in Sources */,
				3E5A9CE22A0425A200939718 /* RecordViewController.swift in Sources */,
				3EF790FD29E710EE0052578E /* CustomButton.swift in Sources */,
				3EF790DE29E6801C0052578E /* UIViewController+Extension.swift in Sources */,
				3EF790E129E687F40052578E /* ImageLiteral.swift in Sources */,
				3E83B1812A016C2B0015A7E0 /* LiveView.swift in Sources */,
				3E83B0F629F7ABCE0015A7E0 /* LoginView.swift in Sources */,
				3E83B12429FAEC5B0015A7E0 /* IconButton.swift in Sources */,
				3EF790FB29E70BB80052578E /* UIFont+Extension.swift in Sources */,
				3E83B18D2A016C8F0015A7E0 /* KidsView.swift in Sources */,
				3E83B10629F834190015A7E0 /* HomeViewController.swift in Sources */,
				3E83B0F829F7ABE70015A7E0 /* LoginCompleteView.swift in Sources */,
				3E83B13029FBC2E70015A7E0 /* IdentifierLiteral.swift in Sources */,
				3E83B1912A016CC10015A7E0 /* LiveViewController.swift in Sources */,
				3E83B16D2A002FAF0015A7E0 /* BaseCollectionViewCell.swift in Sources */,
				3E83B1692A002ED40015A7E0 /* CommonContentCollectionView.swift in Sources */,
				3E83B18A2A016C810015A7E0 /* ParamountView.swift in Sources */,
				3E5A9CD92A041B4000939718 /* CustomTabBar.swift in Sources */,
				3EF790D929E67C5E0052578E /* UIColor+Extension.swift in Sources */,
				3E5A9CE92A0426B200939718 /* SearchView.swift in Sources */,
				3E83B16B2A002F280015A7E0 /* CommonContentCollectionViewCell.swift in Sources */,
				3E83B12E29FBBF000015A7E0 /* PageControlCollectionViewCell.swift in Sources */,
				3E83B0FE29F82E970015A7E0 /* MyPageViewController.swift in Sources */,
				3E83B11629F98B230015A7E0 /* MovieModel.swift in Sources */,
				3E83B18F2A016CB60015A7E0 /* MainViewController.swift in Sources */,
				3EF7910629E86FAE0052578E /* BackButton.swift in Sources */,
				3E83B16F2A0030940015A7E0 /* BaseTableViewCell.swift in Sources */,
				3E83B10429F8338E0015A7E0 /* HomeView.swift in Sources */,
				3E83B0FC29F82E670015A7E0 /* MyPageView.swift in Sources */,
				3E83B0F029F7A2350015A7E0 /* CreateAccountView.swift in Sources */,
				3EF790DC29E67E140052578E /* BaseViewController.swift in Sources */,
				3E83B10C29F8FE050015A7E0 /* SettingTableView.swift in Sources */,
				3E83B12B29FBBDDC0015A7E0 /* PageControlCollectionView.swift in Sources */,
				3E83B13229FBD5D90015A7E0 /* SegmentedButtonsView.swift in Sources */,
				3E83B1752A003C9D0015A7E0 /* DummyColor.swift in Sources */,
			);
			runOnlyForDeploymentPostprocessing = 0;
		};
/* End PBXSourcesBuildPhase section */

/* Begin PBXVariantGroup section */
		3EF790C029E678D10052578E /* LaunchScreen.storyboard */ = {
			isa = PBXVariantGroup;
			children = (
				3EF790C129E678D10052578E /* Base */,
			);
			name = LaunchScreen.storyboard;
			sourceTree = "<group>";
		};
/* End PBXVariantGroup section */

/* Begin XCBuildConfiguration section */
		3EF790C429E678D10052578E /* Debug */ = {
			isa = XCBuildConfiguration;
			buildSettings = {
				ALWAYS_SEARCH_USER_PATHS = NO;
				CLANG_ANALYZER_NONNULL = YES;
				CLANG_ANALYZER_NUMBER_OBJECT_CONVERSION = YES_AGGRESSIVE;
				CLANG_CXX_LANGUAGE_STANDARD = "gnu++20";
				CLANG_ENABLE_MODULES = YES;
				CLANG_ENABLE_OBJC_ARC = YES;
				CLANG_ENABLE_OBJC_WEAK = YES;
				CLANG_WARN_BLOCK_CAPTURE_AUTORELEASING = YES;
				CLANG_WARN_BOOL_CONVERSION = YES;
				CLANG_WARN_COMMA = YES;
				CLANG_WARN_CONSTANT_CONVERSION = YES;
				CLANG_WARN_DEPRECATED_OBJC_IMPLEMENTATIONS = YES;
				CLANG_WARN_DIRECT_OBJC_ISA_USAGE = YES_ERROR;
				CLANG_WARN_DOCUMENTATION_COMMENTS = YES;
				CLANG_WARN_EMPTY_BODY = YES;
				CLANG_WARN_ENUM_CONVERSION = YES;
				CLANG_WARN_INFINITE_RECURSION = YES;
				CLANG_WARN_INT_CONVERSION = YES;
				CLANG_WARN_NON_LITERAL_NULL_CONVERSION = YES;
				CLANG_WARN_OBJC_IMPLICIT_RETAIN_SELF = YES;
				CLANG_WARN_OBJC_LITERAL_CONVERSION = YES;
				CLANG_WARN_OBJC_ROOT_CLASS = YES_ERROR;
				CLANG_WARN_QUOTED_INCLUDE_IN_FRAMEWORK_HEADER = YES;
				CLANG_WARN_RANGE_LOOP_ANALYSIS = YES;
				CLANG_WARN_STRICT_PROTOTYPES = YES;
				CLANG_WARN_SUSPICIOUS_MOVE = YES;
				CLANG_WARN_UNGUARDED_AVAILABILITY = YES_AGGRESSIVE;
				CLANG_WARN_UNREACHABLE_CODE = YES;
				CLANG_WARN__DUPLICATE_METHOD_MATCH = YES;
				COPY_PHASE_STRIP = NO;
				DEBUG_INFORMATION_FORMAT = dwarf;
				ENABLE_STRICT_OBJC_MSGSEND = YES;
				ENABLE_TESTABILITY = YES;
				GCC_C_LANGUAGE_STANDARD = gnu11;
				GCC_DYNAMIC_NO_PIC = NO;
				GCC_NO_COMMON_BLOCKS = YES;
				GCC_OPTIMIZATION_LEVEL = 0;
				GCC_PREPROCESSOR_DEFINITIONS = (
					"DEBUG=1",
					"$(inherited)",
				);
				GCC_WARN_64_TO_32_BIT_CONVERSION = YES;
				GCC_WARN_ABOUT_RETURN_TYPE = YES_ERROR;
				GCC_WARN_UNDECLARED_SELECTOR = YES;
				GCC_WARN_UNINITIALIZED_AUTOS = YES_AGGRESSIVE;
				GCC_WARN_UNUSED_FUNCTION = YES;
				GCC_WARN_UNUSED_VARIABLE = YES;
				IPHONEOS_DEPLOYMENT_TARGET = 16.4;
				MTL_ENABLE_DEBUG_INFO = INCLUDE_SOURCE;
				MTL_FAST_MATH = YES;
				ONLY_ACTIVE_ARCH = YES;
				SDKROOT = iphoneos;
				SWIFT_ACTIVE_COMPILATION_CONDITIONS = DEBUG;
				SWIFT_OPTIMIZATION_LEVEL = "-Onone";
			};
			name = Debug;
		};
		3EF790C529E678D10052578E /* Release */ = {
			isa = XCBuildConfiguration;
			buildSettings = {
				ALWAYS_SEARCH_USER_PATHS = NO;
				CLANG_ANALYZER_NONNULL = YES;
				CLANG_ANALYZER_NUMBER_OBJECT_CONVERSION = YES_AGGRESSIVE;
				CLANG_CXX_LANGUAGE_STANDARD = "gnu++20";
				CLANG_ENABLE_MODULES = YES;
				CLANG_ENABLE_OBJC_ARC = YES;
				CLANG_ENABLE_OBJC_WEAK = YES;
				CLANG_WARN_BLOCK_CAPTURE_AUTORELEASING = YES;
				CLANG_WARN_BOOL_CONVERSION = YES;
				CLANG_WARN_COMMA = YES;
				CLANG_WARN_CONSTANT_CONVERSION = YES;
				CLANG_WARN_DEPRECATED_OBJC_IMPLEMENTATIONS = YES;
				CLANG_WARN_DIRECT_OBJC_ISA_USAGE = YES_ERROR;
				CLANG_WARN_DOCUMENTATION_COMMENTS = YES;
				CLANG_WARN_EMPTY_BODY = YES;
				CLANG_WARN_ENUM_CONVERSION = YES;
				CLANG_WARN_INFINITE_RECURSION = YES;
				CLANG_WARN_INT_CONVERSION = YES;
				CLANG_WARN_NON_LITERAL_NULL_CONVERSION = YES;
				CLANG_WARN_OBJC_IMPLICIT_RETAIN_SELF = YES;
				CLANG_WARN_OBJC_LITERAL_CONVERSION = YES;
				CLANG_WARN_OBJC_ROOT_CLASS = YES_ERROR;
				CLANG_WARN_QUOTED_INCLUDE_IN_FRAMEWORK_HEADER = YES;
				CLANG_WARN_RANGE_LOOP_ANALYSIS = YES;
				CLANG_WARN_STRICT_PROTOTYPES = YES;
				CLANG_WARN_SUSPICIOUS_MOVE = YES;
				CLANG_WARN_UNGUARDED_AVAILABILITY = YES_AGGRESSIVE;
				CLANG_WARN_UNREACHABLE_CODE = YES;
				CLANG_WARN__DUPLICATE_METHOD_MATCH = YES;
				COPY_PHASE_STRIP = NO;
				DEBUG_INFORMATION_FORMAT = "dwarf-with-dsym";
				ENABLE_NS_ASSERTIONS = NO;
				ENABLE_STRICT_OBJC_MSGSEND = YES;
				GCC_C_LANGUAGE_STANDARD = gnu11;
				GCC_NO_COMMON_BLOCKS = YES;
				GCC_WARN_64_TO_32_BIT_CONVERSION = YES;
				GCC_WARN_ABOUT_RETURN_TYPE = YES_ERROR;
				GCC_WARN_UNDECLARED_SELECTOR = YES;
				GCC_WARN_UNINITIALIZED_AUTOS = YES_AGGRESSIVE;
				GCC_WARN_UNUSED_FUNCTION = YES;
				GCC_WARN_UNUSED_VARIABLE = YES;
				IPHONEOS_DEPLOYMENT_TARGET = 16.4;
				MTL_ENABLE_DEBUG_INFO = NO;
				MTL_FAST_MATH = YES;
				SDKROOT = iphoneos;
				SWIFT_COMPILATION_MODE = wholemodule;
				SWIFT_OPTIMIZATION_LEVEL = "-O";
				VALIDATE_PRODUCT = YES;
			};
			name = Release;
		};
		3EF790C729E678D10052578E /* Debug */ = {
			isa = XCBuildConfiguration;
			buildSettings = {
				ASSETCATALOG_COMPILER_APPICON_NAME = AppIcon;
				ASSETCATALOG_COMPILER_GLOBAL_ACCENT_COLOR_NAME = AccentColor;
				CODE_SIGN_STYLE = Automatic;
				CURRENT_PROJECT_VERSION = 1;
				DEVELOPMENT_TEAM = S9G6YGQ76H;
				GENERATE_INFOPLIST_FILE = YES;
				INFOPLIST_FILE = Assingment_Tving/Info.plist;
				INFOPLIST_KEY_UIApplicationSupportsIndirectInputEvents = YES;
				INFOPLIST_KEY_UILaunchStoryboardName = LaunchScreen;
				INFOPLIST_KEY_UISupportedInterfaceOrientations_iPad = "UIInterfaceOrientationPortrait UIInterfaceOrientationPortraitUpsideDown UIInterfaceOrientationLandscapeLeft UIInterfaceOrientationLandscapeRight";
				INFOPLIST_KEY_UISupportedInterfaceOrientations_iPhone = "UIInterfaceOrientationPortrait UIInterfaceOrientationLandscapeLeft UIInterfaceOrientationLandscapeRight";
				IPHONEOS_DEPLOYMENT_TARGET = 15.0;
				LD_RUNPATH_SEARCH_PATHS = (
					"$(inherited)",
					"@executable_path/Frameworks",
				);
				MARKETING_VERSION = 1.0;
				OTHER_LDFLAGS = (
					"-Xlinker",
					"-interposable",
				);
				PRODUCT_BUNDLE_IDENTIFIER = "com-id.Assingment-Tving";
				PRODUCT_NAME = "$(TARGET_NAME)";
				SWIFT_EMIT_LOC_STRINGS = YES;
				SWIFT_VERSION = 5.0;
				TARGETED_DEVICE_FAMILY = "1,2";
			};
			name = Debug;
		};
		3EF790C829E678D10052578E /* Release */ = {
			isa = XCBuildConfiguration;
			buildSettings = {
				ASSETCATALOG_COMPILER_APPICON_NAME = AppIcon;
				ASSETCATALOG_COMPILER_GLOBAL_ACCENT_COLOR_NAME = AccentColor;
				CODE_SIGN_STYLE = Automatic;
				CURRENT_PROJECT_VERSION = 1;
				DEVELOPMENT_TEAM = S9G6YGQ76H;
				GENERATE_INFOPLIST_FILE = YES;
				INFOPLIST_FILE = Assingment_Tving/Info.plist;
				INFOPLIST_KEY_UIApplicationSupportsIndirectInputEvents = YES;
				INFOPLIST_KEY_UILaunchStoryboardName = LaunchScreen;
				INFOPLIST_KEY_UISupportedInterfaceOrientations_iPad = "UIInterfaceOrientationPortrait UIInterfaceOrientationPortraitUpsideDown UIInterfaceOrientationLandscapeLeft UIInterfaceOrientationLandscapeRight";
				INFOPLIST_KEY_UISupportedInterfaceOrientations_iPhone = "UIInterfaceOrientationPortrait UIInterfaceOrientationLandscapeLeft UIInterfaceOrientationLandscapeRight";
				IPHONEOS_DEPLOYMENT_TARGET = 15.0;
				LD_RUNPATH_SEARCH_PATHS = (
					"$(inherited)",
					"@executable_path/Frameworks",
				);
				MARKETING_VERSION = 1.0;
				PRODUCT_BUNDLE_IDENTIFIER = "com-id.Assingment-Tving";
				PRODUCT_NAME = "$(TARGET_NAME)";
				SWIFT_EMIT_LOC_STRINGS = YES;
				SWIFT_VERSION = 5.0;
				TARGETED_DEVICE_FAMILY = "1,2";
			};
			name = Release;
		};
/* End XCBuildConfiguration section */

/* Begin XCConfigurationList section */
		3EF790AD29E678D00052578E /* Build configuration list for PBXProject "Assingment_Tving" */ = {
			isa = XCConfigurationList;
			buildConfigurations = (
				3EF790C429E678D10052578E /* Debug */,
				3EF790C529E678D10052578E /* Release */,
			);
			defaultConfigurationIsVisible = 0;
			defaultConfigurationName = Release;
		};
		3EF790C629E678D10052578E /* Build configuration list for PBXNativeTarget "Assingment_Tving" */ = {
			isa = XCConfigurationList;
			buildConfigurations = (
				3EF790C729E678D10052578E /* Debug */,
				3EF790C829E678D10052578E /* Release */,
			);
			defaultConfigurationIsVisible = 0;
			defaultConfigurationName = Release;
		};
/* End XCConfigurationList section */

/* Begin XCRemoteSwiftPackageReference section */
		3EF790CB29E679B40052578E /* XCRemoteSwiftPackageReference "SnapKit" */ = {
			isa = XCRemoteSwiftPackageReference;
			repositoryURL = "https://github.com/SnapKit/SnapKit";
			requirement = {
				kind = upToNextMajorVersion;
				minimumVersion = 5.0.0;
			};
		};
		3EF790E429E6FB970052578E /* XCRemoteSwiftPackageReference "Inject" */ = {
			isa = XCRemoteSwiftPackageReference;
			repositoryURL = "https://github.com/krzysztofzablocki/Inject";
			requirement = {
				kind = upToNextMajorVersion;
				minimumVersion = 1.0.0;
			};
		};
/* End XCRemoteSwiftPackageReference section */

/* Begin XCSwiftPackageProductDependency section */
		3EF790CC29E679B40052578E /* SnapKit */ = {
			isa = XCSwiftPackageProductDependency;
			package = 3EF790CB29E679B40052578E /* XCRemoteSwiftPackageReference "SnapKit" */;
			productName = SnapKit;
		};
		3EF790E529E6FB970052578E /* Inject */ = {
			isa = XCSwiftPackageProductDependency;
			package = 3EF790E429E6FB970052578E /* XCRemoteSwiftPackageReference "Inject" */;
			productName = Inject;
		};
/* End XCSwiftPackageProductDependency section */
	};
	rootObject = 3EF790AA29E678D00052578E /* Project object */;
}
